// !$*UTF8*$!
{
	archiveVersion = 1;
	classes = {
	};
	objectVersion = 50;
	objects = {

/* Begin PBXBuildFile section */
		0B1E1A642609EB1D0049D30A /* ClosureExpressions.swift in Sources */ = {isa = PBXBuildFile; fileRef = 0B1E1A632609EB1D0049D30A /* ClosureExpressions.swift */; };
		0B1E1A662609EBA30049D30A /* TrailingClosures.swift in Sources */ = {isa = PBXBuildFile; fileRef = 0B1E1A652609EBA30049D30A /* TrailingClosures.swift */; };
		0B1E1A682609EBD60049D30A /* CapturingValues.swift in Sources */ = {isa = PBXBuildFile; fileRef = 0B1E1A672609EBD60049D30A /* CapturingValues.swift */; };
		0B1E1A6A2609EBF80049D30A /* ClosuresAreReferenceTypes.swift in Sources */ = {isa = PBXBuildFile; fileRef = 0B1E1A692609EBF80049D30A /* ClosuresAreReferenceTypes.swift */; };
		0B1E1A6C2609EC370049D30A /* EscapingClosures.swift in Sources */ = {isa = PBXBuildFile; fileRef = 0B1E1A6B2609EC370049D30A /* EscapingClosures.swift */; };
		0B1E1A6E2609EC580049D30A /* Autoclosures.swift in Sources */ = {isa = PBXBuildFile; fileRef = 0B1E1A6D2609EC580049D30A /* Autoclosures.swift */; };
		0B1E1A7C26134B830049D30A /* EnumerationSyntax.swift in Sources */ = {isa = PBXBuildFile; fileRef = 0B1E1A7B26134B830049D30A /* EnumerationSyntax.swift */; };
		0B1E1A7E26134BD20049D30A /* MatchingEnumerationValuesWithASwitchStatement.swift in Sources */ = {isa = PBXBuildFile; fileRef = 0B1E1A7D26134BD20049D30A /* MatchingEnumerationValuesWithASwitchStatement.swift */; };
		0B1E1A8026134C400049D30A /* IteratingOverEnumerationCases.swift in Sources */ = {isa = PBXBuildFile; fileRef = 0B1E1A7F26134C400049D30A /* IteratingOverEnumerationCases.swift */; };
		0B1E1A8226134C970049D30A /* AssociatedValues.swift in Sources */ = {isa = PBXBuildFile; fileRef = 0B1E1A8126134C970049D30A /* AssociatedValues.swift */; };
		0B1E1A8426134CAD0049D30A /* RawValues.swift in Sources */ = {isa = PBXBuildFile; fileRef = 0B1E1A8326134CAD0049D30A /* RawValues.swift */; };
		0B1E1A8626134CC70049D30A /* RecursiveEnumeration.swift in Sources */ = {isa = PBXBuildFile; fileRef = 0B1E1A8526134CC70049D30A /* RecursiveEnumeration.swift */; };
		0B1E1A9426135BD30049D30A /* ComparingStructuresAndClasses.swift in Sources */ = {isa = PBXBuildFile; fileRef = 0B1E1A9326135BD30049D30A /* ComparingStructuresAndClasses.swift */; };
		0B1E1A9626135C6A0049D30A /* StructuresAndEnumerationsAreValueTypes.swift in Sources */ = {isa = PBXBuildFile; fileRef = 0B1E1A9526135C6A0049D30A /* StructuresAndEnumerationsAreValueTypes.swift */; };
		0B1E1A9826135CBD0049D30A /* ClassesAreReferenceTypes.swift in Sources */ = {isa = PBXBuildFile; fileRef = 0B1E1A9726135CBD0049D30A /* ClassesAreReferenceTypes.swift */; };
		0B1E1AA626147E0D0049D30A /* StoredProperties.swift in Sources */ = {isa = PBXBuildFile; fileRef = 0B1E1AA526147E0D0049D30A /* StoredProperties.swift */; };
		0B1E1AA8261490150049D30A /* ComputedProperties.swift in Sources */ = {isa = PBXBuildFile; fileRef = 0B1E1AA7261490150049D30A /* ComputedProperties.swift */; };
		0B1E1AAA261490790049D30A /* PropertyObservers.swift in Sources */ = {isa = PBXBuildFile; fileRef = 0B1E1AA9261490790049D30A /* PropertyObservers.swift */; };
		0B1E1AAC261490DA0049D30A /* TypeProperties.swift in Sources */ = {isa = PBXBuildFile; fileRef = 0B1E1AAB261490DA0049D30A /* TypeProperties.swift */; };
		0B1E1ABA26171FDF0049D30A /* InstanceMethods.swift in Sources */ = {isa = PBXBuildFile; fileRef = 0B1E1AB926171FDF0049D30A /* InstanceMethods.swift */; };
		0B1E1ABC261720120049D30A /* TypeMethods.swift in Sources */ = {isa = PBXBuildFile; fileRef = 0B1E1ABB261720120049D30A /* TypeMethods.swift */; };
		0B64A9B125572F7600F80637 /* ConcatenatingStringsAndCharacters.swift in Sources */ = {isa = PBXBuildFile; fileRef = 0B64A9B025572F7600F80637 /* ConcatenatingStringsAndCharacters.swift */; };
		0B64A9B32557302E00F80637 /* StringInterpolation.swift in Sources */ = {isa = PBXBuildFile; fileRef = 0B64A9B22557302E00F80637 /* StringInterpolation.swift */; };
		0B64A9B52557304400F80637 /* Unicode.swift in Sources */ = {isa = PBXBuildFile; fileRef = 0B64A9B42557304400F80637 /* Unicode.swift */; };
		0B64A9B72557306300F80637 /* CountingCharacters.swift in Sources */ = {isa = PBXBuildFile; fileRef = 0B64A9B62557306300F80637 /* CountingCharacters.swift */; };
		0B64A9B92557309600F80637 /* AccessingAndModifyingAString.swift in Sources */ = {isa = PBXBuildFile; fileRef = 0B64A9B82557309600F80637 /* AccessingAndModifyingAString.swift */; };
		0B64A9BB255730DA00F80637 /* Substrings.swift in Sources */ = {isa = PBXBuildFile; fileRef = 0B64A9BA255730DA00F80637 /* Substrings.swift */; };
		0B64A9BD2557310D00F80637 /* ComparingStrings.swift in Sources */ = {isa = PBXBuildFile; fileRef = 0B64A9BC2557310D00F80637 /* ComparingStrings.swift */; };
		0B64A9BF2557313800F80637 /* UnicodeRepresentationsOfStrings.swift in Sources */ = {isa = PBXBuildFile; fileRef = 0B64A9BE2557313800F80637 /* UnicodeRepresentationsOfStrings.swift */; };
		0BAAB0EE25EFF12800D0CCE1 /* ForInLoops.swift in Sources */ = {isa = PBXBuildFile; fileRef = 0BAAB0ED25EFF12800D0CCE1 /* ForInLoops.swift */; };
		0BAAB0F025EFF1C400D0CCE1 /* WhileLoops.swift in Sources */ = {isa = PBXBuildFile; fileRef = 0BAAB0EF25EFF1C400D0CCE1 /* WhileLoops.swift */; };
		0BAAB0F225EFF22E00D0CCE1 /* ConditionalStatements.swift in Sources */ = {isa = PBXBuildFile; fileRef = 0BAAB0F125EFF22E00D0CCE1 /* ConditionalStatements.swift */; };
		0BAAB0F425EFF25700D0CCE1 /* ControlTransferStatements.swift in Sources */ = {isa = PBXBuildFile; fileRef = 0BAAB0F325EFF25700D0CCE1 /* ControlTransferStatements.swift */; };
		0BAAB0F625EFF31800D0CCE1 /* EarlyExit.swift in Sources */ = {isa = PBXBuildFile; fileRef = 0BAAB0F525EFF31800D0CCE1 /* EarlyExit.swift */; };
		0BAAB0F825EFF34900D0CCE1 /* CheckingApiAvailability.swift in Sources */ = {isa = PBXBuildFile; fileRef = 0BAAB0F725EFF34900D0CCE1 /* CheckingApiAvailability.swift */; };
		0BAAB10625F0F6B800D0CCE1 /* DefiningAndCallingFunctions.swift in Sources */ = {isa = PBXBuildFile; fileRef = 0BAAB10525F0F6B800D0CCE1 /* DefiningAndCallingFunctions.swift */; };
		0BAAB10825F0F6F600D0CCE1 /* FunctionParametersAndReturnValues.swift in Sources */ = {isa = PBXBuildFile; fileRef = 0BAAB10725F0F6F600D0CCE1 /* FunctionParametersAndReturnValues.swift */; };
		0BAAB10A25F0F73700D0CCE1 /* FunctionArgumentLabelsAndParameterNames.swift in Sources */ = {isa = PBXBuildFile; fileRef = 0BAAB10925F0F73700D0CCE1 /* FunctionArgumentLabelsAndParameterNames.swift */; };
		0BAAB10C25F0F75E00D0CCE1 /* FunctionTypes.swift in Sources */ = {isa = PBXBuildFile; fileRef = 0BAAB10B25F0F75E00D0CCE1 /* FunctionTypes.swift */; };
		0BAAB10E25F0F7D200D0CCE1 /* NestedFunctions.swift in Sources */ = {isa = PBXBuildFile; fileRef = 0BAAB10D25F0F7D200D0CCE1 /* NestedFunctions.swift */; };
		0BBE1C642538754E0022D4C7 /* ConstantsAndVariables.swift in Sources */ = {isa = PBXBuildFile; fileRef = 0BBE1C632538754E0022D4C7 /* ConstantsAndVariables.swift */; };
		0BBE1C66253964DD0022D4C7 /* Comments.swift in Sources */ = {isa = PBXBuildFile; fileRef = 0BBE1C65253964DD0022D4C7 /* Comments.swift */; };
		0BBE1C68253964F00022D4C7 /* Semicolons.swift in Sources */ = {isa = PBXBuildFile; fileRef = 0BBE1C67253964F00022D4C7 /* Semicolons.swift */; };
		0BBE1C6A253965080022D4C7 /* Integers.swift in Sources */ = {isa = PBXBuildFile; fileRef = 0BBE1C69253965080022D4C7 /* Integers.swift */; };
		0BBE1C6C253965830022D4C7 /* TypeSafetyAndTypeInference.swift in Sources */ = {isa = PBXBuildFile; fileRef = 0BBE1C6B253965830022D4C7 /* TypeSafetyAndTypeInference.swift */; };
		0BBE1C6E253965AE0022D4C7 /* NumericLiterals.swift in Sources */ = {isa = PBXBuildFile; fileRef = 0BBE1C6D253965AE0022D4C7 /* NumericLiterals.swift */; };
		0BBE1C70253965D60022D4C7 /* NumericTypeConversion.swift in Sources */ = {isa = PBXBuildFile; fileRef = 0BBE1C6F253965D60022D4C7 /* NumericTypeConversion.swift */; };
		0BBE1C72253969130022D4C7 /* TypeAliases.swift in Sources */ = {isa = PBXBuildFile; fileRef = 0BBE1C71253969130022D4C7 /* TypeAliases.swift */; };
		0BBE1C7425397C270022D4C7 /* Booleans.swift in Sources */ = {isa = PBXBuildFile; fileRef = 0BBE1C7325397C270022D4C7 /* Booleans.swift */; };
		0BBE1C76253CCB970022D4C7 /* Tuples.swift in Sources */ = {isa = PBXBuildFile; fileRef = 0BBE1C75253CCB970022D4C7 /* Tuples.swift */; };
		0BBE1C78253CCBDA0022D4C7 /* Optinals.swift in Sources */ = {isa = PBXBuildFile; fileRef = 0BBE1C77253CCBDA0022D4C7 /* Optinals.swift */; };
		0BBE1C7A253CCCF20022D4C7 /* ErrorHandling.swift in Sources */ = {isa = PBXBuildFile; fileRef = 0BBE1C79253CCCF20022D4C7 /* ErrorHandling.swift */; };
		0BBE1C7C253CCD8C0022D4C7 /* AssertionsAndPreconditions.swift in Sources */ = {isa = PBXBuildFile; fileRef = 0BBE1C7B253CCD8C0022D4C7 /* AssertionsAndPreconditions.swift */; };
		0BBE1C8A253DD9640022D4C7 /* AssignmentOperator.swift in Sources */ = {isa = PBXBuildFile; fileRef = 0BBE1C89253DD9640022D4C7 /* AssignmentOperator.swift */; };
		0BBE1C8C253DD9ED0022D4C7 /* ArithmeticOperators.swift in Sources */ = {isa = PBXBuildFile; fileRef = 0BBE1C8B253DD9ED0022D4C7 /* ArithmeticOperators.swift */; };
		0BBE1C90253DDA5C0022D4C7 /* CompoundAssignmentOperators.swift in Sources */ = {isa = PBXBuildFile; fileRef = 0BBE1C8F253DDA5C0022D4C7 /* CompoundAssignmentOperators.swift */; };
		0BBE1C92253DDA830022D4C7 /* ComparisonOperators.swift in Sources */ = {isa = PBXBuildFile; fileRef = 0BBE1C91253DDA830022D4C7 /* ComparisonOperators.swift */; };
		0BBE1C94253DDAC80022D4C7 /* TernaryConditionalOperator.swift in Sources */ = {isa = PBXBuildFile; fileRef = 0BBE1C93253DDAC80022D4C7 /* TernaryConditionalOperator.swift */; };
		0BBE1C96253DDAEC0022D4C7 /* NilCoalecsingOperator.swift in Sources */ = {isa = PBXBuildFile; fileRef = 0BBE1C95253DDAEC0022D4C7 /* NilCoalecsingOperator.swift */; };
		0BBE1C98253DDB090022D4C7 /* RangeOperators.swift in Sources */ = {isa = PBXBuildFile; fileRef = 0BBE1C97253DDB090022D4C7 /* RangeOperators.swift */; };
		0BBE1C9A253DDB670022D4C7 /* LogicalOperators.swift in Sources */ = {isa = PBXBuildFile; fileRef = 0BBE1C99253DDB670022D4C7 /* LogicalOperators.swift */; };
		0BBE1CA8254629BE0022D4C7 /* StringLiterals.swift in Sources */ = {isa = PBXBuildFile; fileRef = 0BBE1CA7254629BE0022D4C7 /* StringLiterals.swift */; };
		0BBE1CAA25462A590022D4C7 /* InitailizingAnEmptyString.swift in Sources */ = {isa = PBXBuildFile; fileRef = 0BBE1CA925462A590022D4C7 /* InitailizingAnEmptyString.swift */; };
		0BBE1CAE25462AFD0022D4C7 /* StringMutability.swift in Sources */ = {isa = PBXBuildFile; fileRef = 0BBE1CAD25462AFD0022D4C7 /* StringMutability.swift */; };
		0BBE1CB025462B340022D4C7 /* WorkingWithCharacters.swift in Sources */ = {isa = PBXBuildFile; fileRef = 0BBE1CAF25462B340022D4C7 /* WorkingWithCharacters.swift */; };
		0BF3DD862598FC88001844DA /* Arrays.swift in Sources */ = {isa = PBXBuildFile; fileRef = 0BF3DD852598FC88001844DA /* Arrays.swift */; };
		0BF3DD88259B8750001844DA /* Sets.swift in Sources */ = {isa = PBXBuildFile; fileRef = 0BF3DD87259B8750001844DA /* Sets.swift */; };
		0BF3DD8A259B8776001844DA /* PerformingSetOperations.swift in Sources */ = {isa = PBXBuildFile; fileRef = 0BF3DD89259B8776001844DA /* PerformingSetOperations.swift */; };
		0BF3DD8E259B8800001844DA /* Dictionaries.swift in Sources */ = {isa = PBXBuildFile; fileRef = 0BF3DD8D259B8800001844DA /* Dictionaries.swift */; };
/* End PBXBuildFile section */

/* Begin PBXFileReference section */
		0B1E1A5B2609EA670049D30A /* Closures.xctest */ = {isa = PBXFileReference; explicitFileType = wrapper.cfbundle; includeInIndex = 0; path = Closures.xctest; sourceTree = BUILT_PRODUCTS_DIR; };
		0B1E1A5F2609EA670049D30A /* Info.plist */ = {isa = PBXFileReference; lastKnownFileType = text.plist.xml; path = Info.plist; sourceTree = "<group>"; };
		0B1E1A632609EB1D0049D30A /* ClosureExpressions.swift */ = {isa = PBXFileReference; lastKnownFileType = sourcecode.swift; path = ClosureExpressions.swift; sourceTree = "<group>"; };
		0B1E1A652609EBA30049D30A /* TrailingClosures.swift */ = {isa = PBXFileReference; lastKnownFileType = sourcecode.swift; path = TrailingClosures.swift; sourceTree = "<group>"; };
		0B1E1A672609EBD60049D30A /* CapturingValues.swift */ = {isa = PBXFileReference; lastKnownFileType = sourcecode.swift; path = CapturingValues.swift; sourceTree = "<group>"; };
		0B1E1A692609EBF80049D30A /* ClosuresAreReferenceTypes.swift */ = {isa = PBXFileReference; lastKnownFileType = sourcecode.swift; path = ClosuresAreReferenceTypes.swift; sourceTree = "<group>"; };
		0B1E1A6B2609EC370049D30A /* EscapingClosures.swift */ = {isa = PBXFileReference; lastKnownFileType = sourcecode.swift; path = EscapingClosures.swift; sourceTree = "<group>"; };
		0B1E1A6D2609EC580049D30A /* Autoclosures.swift */ = {isa = PBXFileReference; lastKnownFileType = sourcecode.swift; path = Autoclosures.swift; sourceTree = "<group>"; };
		0B1E1A7326134A730049D30A /* Enumeration.xctest */ = {isa = PBXFileReference; explicitFileType = wrapper.cfbundle; includeInIndex = 0; path = Enumeration.xctest; sourceTree = BUILT_PRODUCTS_DIR; };
		0B1E1A7726134A730049D30A /* Info.plist */ = {isa = PBXFileReference; lastKnownFileType = text.plist.xml; path = Info.plist; sourceTree = "<group>"; };
		0B1E1A7B26134B830049D30A /* EnumerationSyntax.swift */ = {isa = PBXFileReference; lastKnownFileType = sourcecode.swift; path = EnumerationSyntax.swift; sourceTree = "<group>"; };
		0B1E1A7D26134BD20049D30A /* MatchingEnumerationValuesWithASwitchStatement.swift */ = {isa = PBXFileReference; lastKnownFileType = sourcecode.swift; path = MatchingEnumerationValuesWithASwitchStatement.swift; sourceTree = "<group>"; };
		0B1E1A7F26134C400049D30A /* IteratingOverEnumerationCases.swift */ = {isa = PBXFileReference; lastKnownFileType = sourcecode.swift; path = IteratingOverEnumerationCases.swift; sourceTree = "<group>"; };
		0B1E1A8126134C970049D30A /* AssociatedValues.swift */ = {isa = PBXFileReference; lastKnownFileType = sourcecode.swift; path = AssociatedValues.swift; sourceTree = "<group>"; };
		0B1E1A8326134CAD0049D30A /* RawValues.swift */ = {isa = PBXFileReference; lastKnownFileType = sourcecode.swift; path = RawValues.swift; sourceTree = "<group>"; };
		0B1E1A8526134CC70049D30A /* RecursiveEnumeration.swift */ = {isa = PBXFileReference; lastKnownFileType = sourcecode.swift; path = RecursiveEnumeration.swift; sourceTree = "<group>"; };
		0B1E1A8B26135AFB0049D30A /* StructuresAndClasses.xctest */ = {isa = PBXFileReference; explicitFileType = wrapper.cfbundle; includeInIndex = 0; path = StructuresAndClasses.xctest; sourceTree = BUILT_PRODUCTS_DIR; };
		0B1E1A8F26135AFB0049D30A /* Info.plist */ = {isa = PBXFileReference; lastKnownFileType = text.plist.xml; path = Info.plist; sourceTree = "<group>"; };
		0B1E1A9326135BD30049D30A /* ComparingStructuresAndClasses.swift */ = {isa = PBXFileReference; lastKnownFileType = sourcecode.swift; path = ComparingStructuresAndClasses.swift; sourceTree = "<group>"; };
		0B1E1A9526135C6A0049D30A /* StructuresAndEnumerationsAreValueTypes.swift */ = {isa = PBXFileReference; lastKnownFileType = sourcecode.swift; path = StructuresAndEnumerationsAreValueTypes.swift; sourceTree = "<group>"; };
		0B1E1A9726135CBD0049D30A /* ClassesAreReferenceTypes.swift */ = {isa = PBXFileReference; lastKnownFileType = sourcecode.swift; path = ClassesAreReferenceTypes.swift; sourceTree = "<group>"; };
		0B1E1A9D26147D7C0049D30A /* Properties.xctest */ = {isa = PBXFileReference; explicitFileType = wrapper.cfbundle; includeInIndex = 0; path = Properties.xctest; sourceTree = BUILT_PRODUCTS_DIR; };
		0B1E1AA126147D7C0049D30A /* Info.plist */ = {isa = PBXFileReference; lastKnownFileType = text.plist.xml; path = Info.plist; sourceTree = "<group>"; };
		0B1E1AA526147E0D0049D30A /* StoredProperties.swift */ = {isa = PBXFileReference; lastKnownFileType = sourcecode.swift; path = StoredProperties.swift; sourceTree = "<group>"; };
		0B1E1AA7261490150049D30A /* ComputedProperties.swift */ = {isa = PBXFileReference; lastKnownFileType = sourcecode.swift; path = ComputedProperties.swift; sourceTree = "<group>"; };
		0B1E1AA9261490790049D30A /* PropertyObservers.swift */ = {isa = PBXFileReference; lastKnownFileType = sourcecode.swift; path = PropertyObservers.swift; sourceTree = "<group>"; };
		0B1E1AAB261490DA0049D30A /* TypeProperties.swift */ = {isa = PBXFileReference; lastKnownFileType = sourcecode.swift; path = TypeProperties.swift; sourceTree = "<group>"; };
		0B1E1AB126171E960049D30A /* Methods.xctest */ = {isa = PBXFileReference; explicitFileType = wrapper.cfbundle; includeInIndex = 0; path = Methods.xctest; sourceTree = BUILT_PRODUCTS_DIR; };
		0B1E1AB526171E960049D30A /* Info.plist */ = {isa = PBXFileReference; lastKnownFileType = text.plist.xml; path = Info.plist; sourceTree = "<group>"; };
		0B1E1AB926171FDF0049D30A /* InstanceMethods.swift */ = {isa = PBXFileReference; lastKnownFileType = sourcecode.swift; path = InstanceMethods.swift; sourceTree = "<group>"; };
		0B1E1ABB261720120049D30A /* TypeMethods.swift */ = {isa = PBXFileReference; lastKnownFileType = sourcecode.swift; path = TypeMethods.swift; sourceTree = "<group>"; };
		0B64A9B025572F7600F80637 /* ConcatenatingStringsAndCharacters.swift */ = {isa = PBXFileReference; lastKnownFileType = sourcecode.swift; path = ConcatenatingStringsAndCharacters.swift; sourceTree = "<group>"; };
		0B64A9B22557302E00F80637 /* StringInterpolation.swift */ = {isa = PBXFileReference; lastKnownFileType = sourcecode.swift; path = StringInterpolation.swift; sourceTree = "<group>"; };
		0B64A9B42557304400F80637 /* Unicode.swift */ = {isa = PBXFileReference; lastKnownFileType = sourcecode.swift; path = Unicode.swift; sourceTree = "<group>"; };
		0B64A9B62557306300F80637 /* CountingCharacters.swift */ = {isa = PBXFileReference; lastKnownFileType = sourcecode.swift; path = CountingCharacters.swift; sourceTree = "<group>"; };
		0B64A9B82557309600F80637 /* AccessingAndModifyingAString.swift */ = {isa = PBXFileReference; lastKnownFileType = sourcecode.swift; path = AccessingAndModifyingAString.swift; sourceTree = "<group>"; };
		0B64A9BA255730DA00F80637 /* Substrings.swift */ = {isa = PBXFileReference; lastKnownFileType = sourcecode.swift; path = Substrings.swift; sourceTree = "<group>"; };
		0B64A9BC2557310D00F80637 /* ComparingStrings.swift */ = {isa = PBXFileReference; lastKnownFileType = sourcecode.swift; path = ComparingStrings.swift; sourceTree = "<group>"; };
		0B64A9BE2557313800F80637 /* UnicodeRepresentationsOfStrings.swift */ = {isa = PBXFileReference; lastKnownFileType = sourcecode.swift; path = UnicodeRepresentationsOfStrings.swift; sourceTree = "<group>"; };
		0BAAB0E525EFF04400D0CCE1 /* ControlFlow.xctest */ = {isa = PBXFileReference; explicitFileType = wrapper.cfbundle; includeInIndex = 0; path = ControlFlow.xctest; sourceTree = BUILT_PRODUCTS_DIR; };
		0BAAB0E925EFF04500D0CCE1 /* Info.plist */ = {isa = PBXFileReference; lastKnownFileType = text.plist.xml; path = Info.plist; sourceTree = "<group>"; };
		0BAAB0ED25EFF12800D0CCE1 /* ForInLoops.swift */ = {isa = PBXFileReference; lastKnownFileType = sourcecode.swift; path = ForInLoops.swift; sourceTree = "<group>"; };
		0BAAB0EF25EFF1C400D0CCE1 /* WhileLoops.swift */ = {isa = PBXFileReference; lastKnownFileType = sourcecode.swift; path = WhileLoops.swift; sourceTree = "<group>"; };
		0BAAB0F125EFF22E00D0CCE1 /* ConditionalStatements.swift */ = {isa = PBXFileReference; lastKnownFileType = sourcecode.swift; path = ConditionalStatements.swift; sourceTree = "<group>"; };
		0BAAB0F325EFF25700D0CCE1 /* ControlTransferStatements.swift */ = {isa = PBXFileReference; lastKnownFileType = sourcecode.swift; path = ControlTransferStatements.swift; sourceTree = "<group>"; };
		0BAAB0F525EFF31800D0CCE1 /* EarlyExit.swift */ = {isa = PBXFileReference; lastKnownFileType = sourcecode.swift; path = EarlyExit.swift; sourceTree = "<group>"; };
		0BAAB0F725EFF34900D0CCE1 /* CheckingApiAvailability.swift */ = {isa = PBXFileReference; lastKnownFileType = sourcecode.swift; path = CheckingApiAvailability.swift; sourceTree = "<group>"; };
		0BAAB0FD25F0F52400D0CCE1 /* Functions.xctest */ = {isa = PBXFileReference; explicitFileType = wrapper.cfbundle; includeInIndex = 0; path = Functions.xctest; sourceTree = BUILT_PRODUCTS_DIR; };
		0BAAB10125F0F52400D0CCE1 /* Info.plist */ = {isa = PBXFileReference; lastKnownFileType = text.plist.xml; path = Info.plist; sourceTree = "<group>"; };
		0BAAB10525F0F6B800D0CCE1 /* DefiningAndCallingFunctions.swift */ = {isa = PBXFileReference; lastKnownFileType = sourcecode.swift; path = DefiningAndCallingFunctions.swift; sourceTree = "<group>"; };
		0BAAB10725F0F6F600D0CCE1 /* FunctionParametersAndReturnValues.swift */ = {isa = PBXFileReference; lastKnownFileType = sourcecode.swift; path = FunctionParametersAndReturnValues.swift; sourceTree = "<group>"; };
		0BAAB10925F0F73700D0CCE1 /* FunctionArgumentLabelsAndParameterNames.swift */ = {isa = PBXFileReference; lastKnownFileType = sourcecode.swift; path = FunctionArgumentLabelsAndParameterNames.swift; sourceTree = "<group>"; };
		0BAAB10B25F0F75E00D0CCE1 /* FunctionTypes.swift */ = {isa = PBXFileReference; lastKnownFileType = sourcecode.swift; path = FunctionTypes.swift; sourceTree = "<group>"; };
		0BAAB10D25F0F7D200D0CCE1 /* NestedFunctions.swift */ = {isa = PBXFileReference; lastKnownFileType = sourcecode.swift; path = NestedFunctions.swift; sourceTree = "<group>"; };
		0BBE1BDC252E6D810022D4C7 /* Info.plist */ = {isa = PBXFileReference; lastKnownFileType = text.plist.xml; path = Info.plist; sourceTree = "<group>"; };
		0BBE1C59253872DF0022D4C7 /* Basics.xctest */ = {isa = PBXFileReference; explicitFileType = wrapper.cfbundle; includeInIndex = 0; path = Basics.xctest; sourceTree = BUILT_PRODUCTS_DIR; };
		0BBE1C5D253872DF0022D4C7 /* Info.plist */ = {isa = PBXFileReference; lastKnownFileType = text.plist.xml; path = Info.plist; sourceTree = "<group>"; };
		0BBE1C632538754E0022D4C7 /* ConstantsAndVariables.swift */ = {isa = PBXFileReference; lastKnownFileType = sourcecode.swift; path = ConstantsAndVariables.swift; sourceTree = "<group>"; };
		0BBE1C65253964DD0022D4C7 /* Comments.swift */ = {isa = PBXFileReference; lastKnownFileType = sourcecode.swift; path = Comments.swift; sourceTree = "<group>"; };
		0BBE1C67253964F00022D4C7 /* Semicolons.swift */ = {isa = PBXFileReference; lastKnownFileType = sourcecode.swift; path = Semicolons.swift; sourceTree = "<group>"; };
		0BBE1C69253965080022D4C7 /* Integers.swift */ = {isa = PBXFileReference; lastKnownFileType = sourcecode.swift; path = Integers.swift; sourceTree = "<group>"; };
		0BBE1C6B253965830022D4C7 /* TypeSafetyAndTypeInference.swift */ = {isa = PBXFileReference; lastKnownFileType = sourcecode.swift; path = TypeSafetyAndTypeInference.swift; sourceTree = "<group>"; };
		0BBE1C6D253965AE0022D4C7 /* NumericLiterals.swift */ = {isa = PBXFileReference; lastKnownFileType = sourcecode.swift; path = NumericLiterals.swift; sourceTree = "<group>"; };
		0BBE1C6F253965D60022D4C7 /* NumericTypeConversion.swift */ = {isa = PBXFileReference; lastKnownFileType = sourcecode.swift; path = NumericTypeConversion.swift; sourceTree = "<group>"; };
		0BBE1C71253969130022D4C7 /* TypeAliases.swift */ = {isa = PBXFileReference; lastKnownFileType = sourcecode.swift; path = TypeAliases.swift; sourceTree = "<group>"; };
		0BBE1C7325397C270022D4C7 /* Booleans.swift */ = {isa = PBXFileReference; lastKnownFileType = sourcecode.swift; path = Booleans.swift; sourceTree = "<group>"; };
		0BBE1C75253CCB970022D4C7 /* Tuples.swift */ = {isa = PBXFileReference; lastKnownFileType = sourcecode.swift; path = Tuples.swift; sourceTree = "<group>"; };
		0BBE1C77253CCBDA0022D4C7 /* Optinals.swift */ = {isa = PBXFileReference; lastKnownFileType = sourcecode.swift; path = Optinals.swift; sourceTree = "<group>"; };
		0BBE1C79253CCCF20022D4C7 /* ErrorHandling.swift */ = {isa = PBXFileReference; lastKnownFileType = sourcecode.swift; path = ErrorHandling.swift; sourceTree = "<group>"; };
		0BBE1C7B253CCD8C0022D4C7 /* AssertionsAndPreconditions.swift */ = {isa = PBXFileReference; lastKnownFileType = sourcecode.swift; path = AssertionsAndPreconditions.swift; sourceTree = "<group>"; };
		0BBE1C81253DD89D0022D4C7 /* BasicOperators.xctest */ = {isa = PBXFileReference; explicitFileType = wrapper.cfbundle; includeInIndex = 0; path = BasicOperators.xctest; sourceTree = BUILT_PRODUCTS_DIR; };
		0BBE1C85253DD89D0022D4C7 /* Info.plist */ = {isa = PBXFileReference; lastKnownFileType = text.plist.xml; path = Info.plist; sourceTree = "<group>"; };
		0BBE1C89253DD9640022D4C7 /* AssignmentOperator.swift */ = {isa = PBXFileReference; lastKnownFileType = sourcecode.swift; path = AssignmentOperator.swift; sourceTree = "<group>"; };
		0BBE1C8B253DD9ED0022D4C7 /* ArithmeticOperators.swift */ = {isa = PBXFileReference; lastKnownFileType = sourcecode.swift; path = ArithmeticOperators.swift; sourceTree = "<group>"; };
		0BBE1C8F253DDA5C0022D4C7 /* CompoundAssignmentOperators.swift */ = {isa = PBXFileReference; lastKnownFileType = sourcecode.swift; path = CompoundAssignmentOperators.swift; sourceTree = "<group>"; };
		0BBE1C91253DDA830022D4C7 /* ComparisonOperators.swift */ = {isa = PBXFileReference; lastKnownFileType = sourcecode.swift; path = ComparisonOperators.swift; sourceTree = "<group>"; };
		0BBE1C93253DDAC80022D4C7 /* TernaryConditionalOperator.swift */ = {isa = PBXFileReference; lastKnownFileType = sourcecode.swift; path = TernaryConditionalOperator.swift; sourceTree = "<group>"; };
		0BBE1C95253DDAEC0022D4C7 /* NilCoalecsingOperator.swift */ = {isa = PBXFileReference; lastKnownFileType = sourcecode.swift; path = NilCoalecsingOperator.swift; sourceTree = "<group>"; };
		0BBE1C97253DDB090022D4C7 /* RangeOperators.swift */ = {isa = PBXFileReference; lastKnownFileType = sourcecode.swift; path = RangeOperators.swift; sourceTree = "<group>"; };
		0BBE1C99253DDB670022D4C7 /* LogicalOperators.swift */ = {isa = PBXFileReference; lastKnownFileType = sourcecode.swift; path = LogicalOperators.swift; sourceTree = "<group>"; };
		0BBE1C9F2544D8950022D4C7 /* StringsAndCharacters.xctest */ = {isa = PBXFileReference; explicitFileType = wrapper.cfbundle; includeInIndex = 0; path = StringsAndCharacters.xctest; sourceTree = BUILT_PRODUCTS_DIR; };
		0BBE1CA32544D8950022D4C7 /* Info.plist */ = {isa = PBXFileReference; lastKnownFileType = text.plist.xml; path = Info.plist; sourceTree = "<group>"; };
		0BBE1CA7254629BE0022D4C7 /* StringLiterals.swift */ = {isa = PBXFileReference; lastKnownFileType = sourcecode.swift; path = StringLiterals.swift; sourceTree = "<group>"; };
		0BBE1CA925462A590022D4C7 /* InitailizingAnEmptyString.swift */ = {isa = PBXFileReference; lastKnownFileType = sourcecode.swift; path = InitailizingAnEmptyString.swift; sourceTree = "<group>"; };
		0BBE1CAD25462AFD0022D4C7 /* StringMutability.swift */ = {isa = PBXFileReference; lastKnownFileType = sourcecode.swift; path = StringMutability.swift; sourceTree = "<group>"; };
		0BBE1CAF25462B340022D4C7 /* WorkingWithCharacters.swift */ = {isa = PBXFileReference; lastKnownFileType = sourcecode.swift; path = WorkingWithCharacters.swift; sourceTree = "<group>"; };
		0BF3DD7D2598FBF5001844DA /* CollectionTypes.xctest */ = {isa = PBXFileReference; explicitFileType = wrapper.cfbundle; includeInIndex = 0; path = CollectionTypes.xctest; sourceTree = BUILT_PRODUCTS_DIR; };
		0BF3DD812598FBF5001844DA /* Info.plist */ = {isa = PBXFileReference; lastKnownFileType = text.plist.xml; path = Info.plist; sourceTree = "<group>"; };
		0BF3DD852598FC88001844DA /* Arrays.swift */ = {isa = PBXFileReference; lastKnownFileType = sourcecode.swift; path = Arrays.swift; sourceTree = "<group>"; };
		0BF3DD87259B8750001844DA /* Sets.swift */ = {isa = PBXFileReference; lastKnownFileType = sourcecode.swift; path = Sets.swift; sourceTree = "<group>"; };
		0BF3DD89259B8776001844DA /* PerformingSetOperations.swift */ = {isa = PBXFileReference; lastKnownFileType = sourcecode.swift; path = PerformingSetOperations.swift; sourceTree = "<group>"; };
		0BF3DD8D259B8800001844DA /* Dictionaries.swift */ = {isa = PBXFileReference; lastKnownFileType = sourcecode.swift; path = Dictionaries.swift; sourceTree = "<group>"; };
/* End PBXFileReference section */

/* Begin PBXFrameworksBuildPhase section */
		0B1E1A582609EA670049D30A /* Frameworks */ = {
			isa = PBXFrameworksBuildPhase;
			buildActionMask = 2147483647;
			files = (
			);
			runOnlyForDeploymentPostprocessing = 0;
		};
		0B1E1A7026134A730049D30A /* Frameworks */ = {
			isa = PBXFrameworksBuildPhase;
			buildActionMask = 2147483647;
			files = (
			);
			runOnlyForDeploymentPostprocessing = 0;
		};
		0B1E1A8826135AFB0049D30A /* Frameworks */ = {
			isa = PBXFrameworksBuildPhase;
			buildActionMask = 2147483647;
			files = (
			);
			runOnlyForDeploymentPostprocessing = 0;
		};
		0B1E1A9A26147D7C0049D30A /* Frameworks */ = {
			isa = PBXFrameworksBuildPhase;
			buildActionMask = 2147483647;
			files = (
			);
			runOnlyForDeploymentPostprocessing = 0;
		};
		0B1E1AAE26171E960049D30A /* Frameworks */ = {
			isa = PBXFrameworksBuildPhase;
			buildActionMask = 2147483647;
			files = (
			);
			runOnlyForDeploymentPostprocessing = 0;
		};
		0BAAB0E225EFF04400D0CCE1 /* Frameworks */ = {
			isa = PBXFrameworksBuildPhase;
			buildActionMask = 2147483647;
			files = (
			);
			runOnlyForDeploymentPostprocessing = 0;
		};
		0BAAB0FA25F0F52400D0CCE1 /* Frameworks */ = {
			isa = PBXFrameworksBuildPhase;
			buildActionMask = 2147483647;
			files = (
			);
			runOnlyForDeploymentPostprocessing = 0;
		};
		0BBE1C56253872DF0022D4C7 /* Frameworks */ = {
			isa = PBXFrameworksBuildPhase;
			buildActionMask = 2147483647;
			files = (
			);
			runOnlyForDeploymentPostprocessing = 0;
		};
		0BBE1C7E253DD89D0022D4C7 /* Frameworks */ = {
			isa = PBXFrameworksBuildPhase;
			buildActionMask = 2147483647;
			files = (
			);
			runOnlyForDeploymentPostprocessing = 0;
		};
		0BBE1C9C2544D8950022D4C7 /* Frameworks */ = {
			isa = PBXFrameworksBuildPhase;
			buildActionMask = 2147483647;
			files = (
			);
			runOnlyForDeploymentPostprocessing = 0;
		};
		0BF3DD7A2598FBF5001844DA /* Frameworks */ = {
			isa = PBXFrameworksBuildPhase;
			buildActionMask = 2147483647;
			files = (
			);
			runOnlyForDeploymentPostprocessing = 0;
		};
/* End PBXFrameworksBuildPhase section */

/* Begin PBXGroup section */
		0B1E1A5C2609EA670049D30A /* Closures */ = {
			isa = PBXGroup;
			children = (
				0B1E1A632609EB1D0049D30A /* ClosureExpressions.swift */,
				0B1E1A652609EBA30049D30A /* TrailingClosures.swift */,
				0B1E1A672609EBD60049D30A /* CapturingValues.swift */,
				0B1E1A692609EBF80049D30A /* ClosuresAreReferenceTypes.swift */,
				0B1E1A6B2609EC370049D30A /* EscapingClosures.swift */,
				0B1E1A6D2609EC580049D30A /* Autoclosures.swift */,
				0B1E1A5F2609EA670049D30A /* Info.plist */,
			);
			path = Closures;
			sourceTree = "<group>";
		};
		0B1E1A7426134A730049D30A /* Enumeration */ = {
			isa = PBXGroup;
			children = (
				0B1E1A7B26134B830049D30A /* EnumerationSyntax.swift */,
				0B1E1A7D26134BD20049D30A /* MatchingEnumerationValuesWithASwitchStatement.swift */,
				0B1E1A7F26134C400049D30A /* IteratingOverEnumerationCases.swift */,
				0B1E1A8126134C970049D30A /* AssociatedValues.swift */,
				0B1E1A8326134CAD0049D30A /* RawValues.swift */,
				0B1E1A8526134CC70049D30A /* RecursiveEnumeration.swift */,
				0B1E1A7726134A730049D30A /* Info.plist */,
			);
			path = Enumeration;
			sourceTree = "<group>";
		};
		0B1E1A8C26135AFB0049D30A /* StructuresAndClasses */ = {
			isa = PBXGroup;
			children = (
				0B1E1A9326135BD30049D30A /* ComparingStructuresAndClasses.swift */,
				0B1E1A9526135C6A0049D30A /* StructuresAndEnumerationsAreValueTypes.swift */,
				0B1E1A9726135CBD0049D30A /* ClassesAreReferenceTypes.swift */,
				0B1E1A8F26135AFB0049D30A /* Info.plist */,
			);
			path = StructuresAndClasses;
			sourceTree = "<group>";
		};
		0B1E1A9E26147D7C0049D30A /* Properties */ = {
			isa = PBXGroup;
			children = (
				0B1E1AA526147E0D0049D30A /* StoredProperties.swift */,
				0B1E1AA7261490150049D30A /* ComputedProperties.swift */,
				0B1E1AA9261490790049D30A /* PropertyObservers.swift */,
				0B1E1AAB261490DA0049D30A /* TypeProperties.swift */,
				0B1E1AA126147D7C0049D30A /* Info.plist */,
			);
			path = Properties;
			sourceTree = "<group>";
		};
		0B1E1AB226171E960049D30A /* Methods */ = {
			isa = PBXGroup;
			children = (
				0B1E1AB926171FDF0049D30A /* InstanceMethods.swift */,
				0B1E1ABB261720120049D30A /* TypeMethods.swift */,
				0B1E1AB526171E960049D30A /* Info.plist */,
			);
			path = Methods;
			sourceTree = "<group>";
		};
		0BAAB0E625EFF04400D0CCE1 /* ControlFlow */ = {
			isa = PBXGroup;
			children = (
				0BAAB0ED25EFF12800D0CCE1 /* ForInLoops.swift */,
				0BAAB0EF25EFF1C400D0CCE1 /* WhileLoops.swift */,
				0BAAB0F125EFF22E00D0CCE1 /* ConditionalStatements.swift */,
				0BAAB0F325EFF25700D0CCE1 /* ControlTransferStatements.swift */,
				0BAAB0F525EFF31800D0CCE1 /* EarlyExit.swift */,
				0BAAB0F725EFF34900D0CCE1 /* CheckingApiAvailability.swift */,
				0BAAB0E925EFF04500D0CCE1 /* Info.plist */,
			);
			path = ControlFlow;
			sourceTree = "<group>";
		};
		0BAAB0FE25F0F52400D0CCE1 /* Functions */ = {
			isa = PBXGroup;
			children = (
				0BAAB10525F0F6B800D0CCE1 /* DefiningAndCallingFunctions.swift */,
				0BAAB10725F0F6F600D0CCE1 /* FunctionParametersAndReturnValues.swift */,
				0BAAB10925F0F73700D0CCE1 /* FunctionArgumentLabelsAndParameterNames.swift */,
				0BAAB10B25F0F75E00D0CCE1 /* FunctionTypes.swift */,
				0BAAB10D25F0F7D200D0CCE1 /* NestedFunctions.swift */,
				0BAAB10125F0F52400D0CCE1 /* Info.plist */,
			);
			path = Functions;
			sourceTree = "<group>";
		};
		0BBE1BC2252E6D810022D4C7 = {
			isa = PBXGroup;
			children = (
				0BBE1C242534BEB50022D4C7 /* Sources */,
				0BBE1BD9252E6D810022D4C7 /* ProjectBundle */,
				0BBE1BCD252E6D810022D4C7 /* Products */,
			);
			sourceTree = "<group>";
		};
		0BBE1BCD252E6D810022D4C7 /* Products */ = {
			isa = PBXGroup;
			children = (
				0BBE1C59253872DF0022D4C7 /* Basics.xctest */,
				0BBE1C81253DD89D0022D4C7 /* BasicOperators.xctest */,
				0BBE1C9F2544D8950022D4C7 /* StringsAndCharacters.xctest */,
				0BF3DD7D2598FBF5001844DA /* CollectionTypes.xctest */,
				0BAAB0E525EFF04400D0CCE1 /* ControlFlow.xctest */,
				0BAAB0FD25F0F52400D0CCE1 /* Functions.xctest */,
				0B1E1A5B2609EA670049D30A /* Closures.xctest */,
				0B1E1A7326134A730049D30A /* Enumeration.xctest */,
				0B1E1A8B26135AFB0049D30A /* StructuresAndClasses.xctest */,
				0B1E1A9D26147D7C0049D30A /* Properties.xctest */,
				0B1E1AB126171E960049D30A /* Methods.xctest */,
			);
			name = Products;
			sourceTree = "<group>";
		};
		0BBE1BD9252E6D810022D4C7 /* ProjectBundle */ = {
			isa = PBXGroup;
			children = (
				0BBE1BDC252E6D810022D4C7 /* Info.plist */,
			);
			path = ProjectBundle;
			sourceTree = "<group>";
		};
		0BBE1C242534BEB50022D4C7 /* Sources */ = {
			isa = PBXGroup;
			children = (
				0BBE1C5A253872DF0022D4C7 /* Basics */,
				0BBE1C82253DD89D0022D4C7 /* BasicOperators */,
				0BBE1CA02544D8950022D4C7 /* StringsAndCharacters */,
				0BF3DD7E2598FBF5001844DA /* CollectionTypes */,
				0BAAB0E625EFF04400D0CCE1 /* ControlFlow */,
				0BAAB0FE25F0F52400D0CCE1 /* Functions */,
				0B1E1A5C2609EA670049D30A /* Closures */,
				0B1E1A7426134A730049D30A /* Enumeration */,
				0B1E1A8C26135AFB0049D30A /* StructuresAndClasses */,
				0B1E1A9E26147D7C0049D30A /* Properties */,
				0B1E1AB226171E960049D30A /* Methods */,
			);
			path = Sources;
			sourceTree = "<group>";
		};
		0BBE1C5A253872DF0022D4C7 /* Basics */ = {
			isa = PBXGroup;
			children = (
				0BBE1C632538754E0022D4C7 /* ConstantsAndVariables.swift */,
				0BBE1C65253964DD0022D4C7 /* Comments.swift */,
				0BBE1C67253964F00022D4C7 /* Semicolons.swift */,
				0BBE1C69253965080022D4C7 /* Integers.swift */,
				0BBE1C6B253965830022D4C7 /* TypeSafetyAndTypeInference.swift */,
				0BBE1C6D253965AE0022D4C7 /* NumericLiterals.swift */,
				0BBE1C6F253965D60022D4C7 /* NumericTypeConversion.swift */,
				0BBE1C71253969130022D4C7 /* TypeAliases.swift */,
				0BBE1C7325397C270022D4C7 /* Booleans.swift */,
				0BBE1C75253CCB970022D4C7 /* Tuples.swift */,
				0BBE1C77253CCBDA0022D4C7 /* Optinals.swift */,
				0BBE1C79253CCCF20022D4C7 /* ErrorHandling.swift */,
				0BBE1C7B253CCD8C0022D4C7 /* AssertionsAndPreconditions.swift */,
				0BBE1C5D253872DF0022D4C7 /* Info.plist */,
			);
			path = Basics;
			sourceTree = "<group>";
		};
		0BBE1C82253DD89D0022D4C7 /* BasicOperators */ = {
			isa = PBXGroup;
			children = (
				0BBE1C89253DD9640022D4C7 /* AssignmentOperator.swift */,
				0BBE1C8B253DD9ED0022D4C7 /* ArithmeticOperators.swift */,
				0BBE1C8F253DDA5C0022D4C7 /* CompoundAssignmentOperators.swift */,
				0BBE1C91253DDA830022D4C7 /* ComparisonOperators.swift */,
				0BBE1C93253DDAC80022D4C7 /* TernaryConditionalOperator.swift */,
				0BBE1C95253DDAEC0022D4C7 /* NilCoalecsingOperator.swift */,
				0BBE1C97253DDB090022D4C7 /* RangeOperators.swift */,
				0BBE1C99253DDB670022D4C7 /* LogicalOperators.swift */,
				0BBE1C85253DD89D0022D4C7 /* Info.plist */,
			);
			path = BasicOperators;
			sourceTree = "<group>";
		};
		0BBE1CA02544D8950022D4C7 /* StringsAndCharacters */ = {
			isa = PBXGroup;
			children = (
				0BBE1CA7254629BE0022D4C7 /* StringLiterals.swift */,
				0BBE1CA925462A590022D4C7 /* InitailizingAnEmptyString.swift */,
				0BBE1CAD25462AFD0022D4C7 /* StringMutability.swift */,
				0BBE1CAF25462B340022D4C7 /* WorkingWithCharacters.swift */,
				0B64A9B025572F7600F80637 /* ConcatenatingStringsAndCharacters.swift */,
				0B64A9B22557302E00F80637 /* StringInterpolation.swift */,
				0B64A9B42557304400F80637 /* Unicode.swift */,
				0B64A9B62557306300F80637 /* CountingCharacters.swift */,
				0B64A9B82557309600F80637 /* AccessingAndModifyingAString.swift */,
				0B64A9BA255730DA00F80637 /* Substrings.swift */,
				0B64A9BC2557310D00F80637 /* ComparingStrings.swift */,
				0B64A9BE2557313800F80637 /* UnicodeRepresentationsOfStrings.swift */,
				0BBE1CA32544D8950022D4C7 /* Info.plist */,
			);
			path = StringsAndCharacters;
			sourceTree = "<group>";
		};
		0BF3DD7E2598FBF5001844DA /* CollectionTypes */ = {
			isa = PBXGroup;
			children = (
				0BF3DD852598FC88001844DA /* Arrays.swift */,
				0BF3DD87259B8750001844DA /* Sets.swift */,
				0BF3DD89259B8776001844DA /* PerformingSetOperations.swift */,
				0BF3DD8D259B8800001844DA /* Dictionaries.swift */,
				0BF3DD812598FBF5001844DA /* Info.plist */,
			);
			path = CollectionTypes;
			sourceTree = "<group>";
		};
/* End PBXGroup section */

/* Begin PBXNativeTarget section */
		0B1E1A5A2609EA670049D30A /* Closures */ = {
			isa = PBXNativeTarget;
			buildConfigurationList = 0B1E1A622609EA670049D30A /* Build configuration list for PBXNativeTarget "Closures" */;
			buildPhases = (
				0B1E1A572609EA670049D30A /* Sources */,
				0B1E1A582609EA670049D30A /* Frameworks */,
				0B1E1A592609EA670049D30A /* Resources */,
			);
			buildRules = (
			);
			dependencies = (
			);
			name = Closures;
			productName = Closures;
			productReference = 0B1E1A5B2609EA670049D30A /* Closures.xctest */;
			productType = "com.apple.product-type.bundle.unit-test";
		};
		0B1E1A7226134A730049D30A /* Enumeration */ = {
			isa = PBXNativeTarget;
			buildConfigurationList = 0B1E1A7826134A730049D30A /* Build configuration list for PBXNativeTarget "Enumeration" */;
			buildPhases = (
				0B1E1A6F26134A730049D30A /* Sources */,
				0B1E1A7026134A730049D30A /* Frameworks */,
				0B1E1A7126134A730049D30A /* Resources */,
			);
			buildRules = (
			);
			dependencies = (
			);
			name = Enumeration;
			productName = Enumeration;
			productReference = 0B1E1A7326134A730049D30A /* Enumeration.xctest */;
			productType = "com.apple.product-type.bundle.unit-test";
		};
		0B1E1A8A26135AFB0049D30A /* StructuresAndClasses */ = {
			isa = PBXNativeTarget;
			buildConfigurationList = 0B1E1A9026135AFB0049D30A /* Build configuration list for PBXNativeTarget "StructuresAndClasses" */;
			buildPhases = (
				0B1E1A8726135AFB0049D30A /* Sources */,
				0B1E1A8826135AFB0049D30A /* Frameworks */,
				0B1E1A8926135AFB0049D30A /* Resources */,
			);
			buildRules = (
			);
			dependencies = (
			);
			name = StructuresAndClasses;
			productName = StructuresAndClasses;
			productReference = 0B1E1A8B26135AFB0049D30A /* StructuresAndClasses.xctest */;
			productType = "com.apple.product-type.bundle.unit-test";
		};
		0B1E1A9C26147D7C0049D30A /* Properties */ = {
			isa = PBXNativeTarget;
			buildConfigurationList = 0B1E1AA226147D7C0049D30A /* Build configuration list for PBXNativeTarget "Properties" */;
			buildPhases = (
				0B1E1A9926147D7C0049D30A /* Sources */,
				0B1E1A9A26147D7C0049D30A /* Frameworks */,
				0B1E1A9B26147D7C0049D30A /* Resources */,
			);
			buildRules = (
			);
			dependencies = (
			);
			name = Properties;
			productName = Properties;
			productReference = 0B1E1A9D26147D7C0049D30A /* Properties.xctest */;
			productType = "com.apple.product-type.bundle.unit-test";
		};
		0B1E1AB026171E960049D30A /* Methods */ = {
			isa = PBXNativeTarget;
			buildConfigurationList = 0B1E1AB626171E960049D30A /* Build configuration list for PBXNativeTarget "Methods" */;
			buildPhases = (
				0B1E1AAD26171E960049D30A /* Sources */,
				0B1E1AAE26171E960049D30A /* Frameworks */,
				0B1E1AAF26171E960049D30A /* Resources */,
			);
			buildRules = (
			);
			dependencies = (
			);
			name = Methods;
			productName = Methods;
			productReference = 0B1E1AB126171E960049D30A /* Methods.xctest */;
			productType = "com.apple.product-type.bundle.unit-test";
		};
		0BAAB0E425EFF04400D0CCE1 /* ControlFlow */ = {
			isa = PBXNativeTarget;
			buildConfigurationList = 0BAAB0EC25EFF04500D0CCE1 /* Build configuration list for PBXNativeTarget "ControlFlow" */;
			buildPhases = (
				0BAAB0E125EFF04400D0CCE1 /* Sources */,
				0BAAB0E225EFF04400D0CCE1 /* Frameworks */,
				0BAAB0E325EFF04400D0CCE1 /* Resources */,
			);
			buildRules = (
			);
			dependencies = (
			);
			name = ControlFlow;
			productName = ControlFlow;
			productReference = 0BAAB0E525EFF04400D0CCE1 /* ControlFlow.xctest */;
			productType = "com.apple.product-type.bundle.unit-test";
		};
		0BAAB0FC25F0F52400D0CCE1 /* Functions */ = {
			isa = PBXNativeTarget;
			buildConfigurationList = 0BAAB10225F0F52400D0CCE1 /* Build configuration list for PBXNativeTarget "Functions" */;
			buildPhases = (
				0BAAB0F925F0F52400D0CCE1 /* Sources */,
				0BAAB0FA25F0F52400D0CCE1 /* Frameworks */,
				0BAAB0FB25F0F52400D0CCE1 /* Resources */,
			);
			buildRules = (
			);
			dependencies = (
			);
			name = Functions;
			productName = Functions;
			productReference = 0BAAB0FD25F0F52400D0CCE1 /* Functions.xctest */;
			productType = "com.apple.product-type.bundle.unit-test";
		};
		0BBE1C58253872DF0022D4C7 /* Basics */ = {
			isa = PBXNativeTarget;
			buildConfigurationList = 0BBE1C5E253872DF0022D4C7 /* Build configuration list for PBXNativeTarget "Basics" */;
			buildPhases = (
				0BBE1C55253872DF0022D4C7 /* Sources */,
				0BBE1C56253872DF0022D4C7 /* Frameworks */,
				0BBE1C57253872DF0022D4C7 /* Resources */,
			);
			buildRules = (
			);
			dependencies = (
			);
			name = Basics;
			productName = Basics;
			productReference = 0BBE1C59253872DF0022D4C7 /* Basics.xctest */;
			productType = "com.apple.product-type.bundle.unit-test";
		};
		0BBE1C80253DD89D0022D4C7 /* BasicOperators */ = {
			isa = PBXNativeTarget;
			buildConfigurationList = 0BBE1C88253DD89D0022D4C7 /* Build configuration list for PBXNativeTarget "BasicOperators" */;
			buildPhases = (
				0BBE1C7D253DD89D0022D4C7 /* Sources */,
				0BBE1C7E253DD89D0022D4C7 /* Frameworks */,
				0BBE1C7F253DD89D0022D4C7 /* Resources */,
			);
			buildRules = (
			);
			dependencies = (
			);
			name = BasicOperators;
			productName = BasicOperators;
			productReference = 0BBE1C81253DD89D0022D4C7 /* BasicOperators.xctest */;
			productType = "com.apple.product-type.bundle.unit-test";
		};
		0BBE1C9E2544D8950022D4C7 /* StringsAndCharacters */ = {
			isa = PBXNativeTarget;
			buildConfigurationList = 0BBE1CA62544D8950022D4C7 /* Build configuration list for PBXNativeTarget "StringsAndCharacters" */;
			buildPhases = (
				0BBE1C9B2544D8950022D4C7 /* Sources */,
				0BBE1C9C2544D8950022D4C7 /* Frameworks */,
				0BBE1C9D2544D8950022D4C7 /* Resources */,
			);
			buildRules = (
			);
			dependencies = (
			);
			name = StringsAndCharacters;
			productName = StringsAndCharacters;
			productReference = 0BBE1C9F2544D8950022D4C7 /* StringsAndCharacters.xctest */;
			productType = "com.apple.product-type.bundle.unit-test";
		};
		0BF3DD7C2598FBF5001844DA /* CollectionTypes */ = {
			isa = PBXNativeTarget;
			buildConfigurationList = 0BF3DD822598FBF5001844DA /* Build configuration list for PBXNativeTarget "CollectionTypes" */;
			buildPhases = (
				0BF3DD792598FBF5001844DA /* Sources */,
				0BF3DD7A2598FBF5001844DA /* Frameworks */,
				0BF3DD7B2598FBF5001844DA /* Resources */,
			);
			buildRules = (
			);
			dependencies = (
			);
			name = CollectionTypes;
			productName = CollectionTypes;
			productReference = 0BF3DD7D2598FBF5001844DA /* CollectionTypes.xctest */;
			productType = "com.apple.product-type.bundle.unit-test";
		};
/* End PBXNativeTarget section */

/* Begin PBXProject section */
		0BBE1BC3252E6D810022D4C7 /* Project object */ = {
			isa = PBXProject;
			attributes = {
				LastSwiftUpdateCheck = 1170;
				LastUpgradeCheck = 1170;
				ORGANIZATIONNAME = "Oleksii Pidgornyi";
				TargetAttributes = {
					0B1E1A5A2609EA670049D30A = {
						CreatedOnToolsVersion = 11.7;
					};
					0B1E1A7226134A730049D30A = {
						CreatedOnToolsVersion = 11.7;
					};
					0B1E1A8A26135AFB0049D30A = {
						CreatedOnToolsVersion = 11.7;
						LastSwiftMigration = 1170;
					};
					0B1E1A9C26147D7C0049D30A = {
						CreatedOnToolsVersion = 11.7;
						LastSwiftMigration = 1170;
					};
					0B1E1AB026171E960049D30A = {
						CreatedOnToolsVersion = 11.7;
					};
					0BAAB0E425EFF04400D0CCE1 = {
						CreatedOnToolsVersion = 11.7;
					};
					0BAAB0FC25F0F52400D0CCE1 = {
						CreatedOnToolsVersion = 11.7;
						LastSwiftMigration = 1170;
					};
					0BBE1C58253872DF0022D4C7 = {
						CreatedOnToolsVersion = 11.7;
						LastSwiftMigration = 1170;
					};
					0BBE1C80253DD89D0022D4C7 = {
						CreatedOnToolsVersion = 11.7;
					};
					0BBE1C9E2544D8950022D4C7 = {
						CreatedOnToolsVersion = 11.7;
					};
					0BF3DD7C2598FBF5001844DA = {
						CreatedOnToolsVersion = 11.7;
						LastSwiftMigration = 1170;
					};
				};
			};
			buildConfigurationList = 0BBE1BC6252E6D810022D4C7 /* Build configuration list for PBXProject "SwiftDocumentation" */;
			compatibilityVersion = "Xcode 9.3";
			developmentRegion = en;
			hasScannedForEncodings = 0;
			knownRegions = (
				en,
				Base,
			);
			mainGroup = 0BBE1BC2252E6D810022D4C7;
			productRefGroup = 0BBE1BCD252E6D810022D4C7 /* Products */;
			projectDirPath = "";
			projectRoot = "";
			targets = (
				0BBE1C58253872DF0022D4C7 /* Basics */,
				0BBE1C80253DD89D0022D4C7 /* BasicOperators */,
				0BBE1C9E2544D8950022D4C7 /* StringsAndCharacters */,
				0BF3DD7C2598FBF5001844DA /* CollectionTypes */,
				0BAAB0E425EFF04400D0CCE1 /* ControlFlow */,
				0BAAB0FC25F0F52400D0CCE1 /* Functions */,
				0B1E1A5A2609EA670049D30A /* Closures */,
				0B1E1A7226134A730049D30A /* Enumeration */,
				0B1E1A8A26135AFB0049D30A /* StructuresAndClasses */,
				0B1E1A9C26147D7C0049D30A /* Properties */,
				0B1E1AB026171E960049D30A /* Methods */,
			);
		};
/* End PBXProject section */

/* Begin PBXResourcesBuildPhase section */
		0B1E1A592609EA670049D30A /* Resources */ = {
			isa = PBXResourcesBuildPhase;
			buildActionMask = 2147483647;
			files = (
			);
			runOnlyForDeploymentPostprocessing = 0;
		};
		0B1E1A7126134A730049D30A /* Resources */ = {
			isa = PBXResourcesBuildPhase;
			buildActionMask = 2147483647;
			files = (
			);
			runOnlyForDeploymentPostprocessing = 0;
		};
		0B1E1A8926135AFB0049D30A /* Resources */ = {
			isa = PBXResourcesBuildPhase;
			buildActionMask = 2147483647;
			files = (
			);
			runOnlyForDeploymentPostprocessing = 0;
		};
		0B1E1A9B26147D7C0049D30A /* Resources */ = {
			isa = PBXResourcesBuildPhase;
			buildActionMask = 2147483647;
			files = (
			);
			runOnlyForDeploymentPostprocessing = 0;
		};
		0B1E1AAF26171E960049D30A /* Resources */ = {
			isa = PBXResourcesBuildPhase;
			buildActionMask = 2147483647;
			files = (
			);
			runOnlyForDeploymentPostprocessing = 0;
		};
		0BAAB0E325EFF04400D0CCE1 /* Resources */ = {
			isa = PBXResourcesBuildPhase;
			buildActionMask = 2147483647;
			files = (
			);
			runOnlyForDeploymentPostprocessing = 0;
		};
		0BAAB0FB25F0F52400D0CCE1 /* Resources */ = {
			isa = PBXResourcesBuildPhase;
			buildActionMask = 2147483647;
			files = (
			);
			runOnlyForDeploymentPostprocessing = 0;
		};
		0BBE1C57253872DF0022D4C7 /* Resources */ = {
			isa = PBXResourcesBuildPhase;
			buildActionMask = 2147483647;
			files = (
			);
			runOnlyForDeploymentPostprocessing = 0;
		};
		0BBE1C7F253DD89D0022D4C7 /* Resources */ = {
			isa = PBXResourcesBuildPhase;
			buildActionMask = 2147483647;
			files = (
			);
			runOnlyForDeploymentPostprocessing = 0;
		};
		0BBE1C9D2544D8950022D4C7 /* Resources */ = {
			isa = PBXResourcesBuildPhase;
			buildActionMask = 2147483647;
			files = (
			);
			runOnlyForDeploymentPostprocessing = 0;
		};
		0BF3DD7B2598FBF5001844DA /* Resources */ = {
			isa = PBXResourcesBuildPhase;
			buildActionMask = 2147483647;
			files = (
			);
			runOnlyForDeploymentPostprocessing = 0;
		};
/* End PBXResourcesBuildPhase section */

/* Begin PBXSourcesBuildPhase section */
		0B1E1A572609EA670049D30A /* Sources */ = {
			isa = PBXSourcesBuildPhase;
			buildActionMask = 2147483647;
			files = (
				0B1E1A662609EBA30049D30A /* TrailingClosures.swift in Sources */,
				0B1E1A6C2609EC370049D30A /* EscapingClosures.swift in Sources */,
				0B1E1A682609EBD60049D30A /* CapturingValues.swift in Sources */,
				0B1E1A6E2609EC580049D30A /* Autoclosures.swift in Sources */,
				0B1E1A642609EB1D0049D30A /* ClosureExpressions.swift in Sources */,
				0B1E1A6A2609EBF80049D30A /* ClosuresAreReferenceTypes.swift in Sources */,
			);
			runOnlyForDeploymentPostprocessing = 0;
		};
		0B1E1A6F26134A730049D30A /* Sources */ = {
			isa = PBXSourcesBuildPhase;
			buildActionMask = 2147483647;
			files = (
				0B1E1A8426134CAD0049D30A /* RawValues.swift in Sources */,
				0B1E1A7C26134B830049D30A /* EnumerationSyntax.swift in Sources */,
				0B1E1A8626134CC70049D30A /* RecursiveEnumeration.swift in Sources */,
				0B1E1A8226134C970049D30A /* AssociatedValues.swift in Sources */,
				0B1E1A7E26134BD20049D30A /* MatchingEnumerationValuesWithASwitchStatement.swift in Sources */,
				0B1E1A8026134C400049D30A /* IteratingOverEnumerationCases.swift in Sources */,
			);
			runOnlyForDeploymentPostprocessing = 0;
		};
		0B1E1A8726135AFB0049D30A /* Sources */ = {
			isa = PBXSourcesBuildPhase;
			buildActionMask = 2147483647;
			files = (
				0B1E1A9826135CBD0049D30A /* ClassesAreReferenceTypes.swift in Sources */,
				0B1E1A9626135C6A0049D30A /* StructuresAndEnumerationsAreValueTypes.swift in Sources */,
				0B1E1A9426135BD30049D30A /* ComparingStructuresAndClasses.swift in Sources */,
			);
			runOnlyForDeploymentPostprocessing = 0;
		};
		0B1E1A9926147D7C0049D30A /* Sources */ = {
			isa = PBXSourcesBuildPhase;
			buildActionMask = 2147483647;
			files = (
				0B1E1AA626147E0D0049D30A /* StoredProperties.swift in Sources */,
				0B1E1AA8261490150049D30A /* ComputedProperties.swift in Sources */,
				0B1E1AAC261490DA0049D30A /* TypeProperties.swift in Sources */,
				0B1E1AAA261490790049D30A /* PropertyObservers.swift in Sources */,
			);
			runOnlyForDeploymentPostprocessing = 0;
		};
		0B1E1AAD26171E960049D30A /* Sources */ = {
			isa = PBXSourcesBuildPhase;
			buildActionMask = 2147483647;
			files = (
				0B1E1ABC261720120049D30A /* TypeMethods.swift in Sources */,
				0B1E1ABA26171FDF0049D30A /* InstanceMethods.swift in Sources */,
			);
			runOnlyForDeploymentPostprocessing = 0;
		};
		0BAAB0E125EFF04400D0CCE1 /* Sources */ = {
			isa = PBXSourcesBuildPhase;
			buildActionMask = 2147483647;
			files = (
				0BAAB0F425EFF25700D0CCE1 /* ControlTransferStatements.swift in Sources */,
				0BAAB0F825EFF34900D0CCE1 /* CheckingApiAvailability.swift in Sources */,
				0BAAB0F225EFF22E00D0CCE1 /* ConditionalStatements.swift in Sources */,
				0BAAB0F625EFF31800D0CCE1 /* EarlyExit.swift in Sources */,
				0BAAB0EE25EFF12800D0CCE1 /* ForInLoops.swift in Sources */,
				0BAAB0F025EFF1C400D0CCE1 /* WhileLoops.swift in Sources */,
			);
			runOnlyForDeploymentPostprocessing = 0;
		};
		0BAAB0F925F0F52400D0CCE1 /* Sources */ = {
			isa = PBXSourcesBuildPhase;
			buildActionMask = 2147483647;
			files = (
				0BAAB10A25F0F73700D0CCE1 /* FunctionArgumentLabelsAndParameterNames.swift in Sources */,
				0BAAB10E25F0F7D200D0CCE1 /* NestedFunctions.swift in Sources */,
				0BAAB10C25F0F75E00D0CCE1 /* FunctionTypes.swift in Sources */,
				0BAAB10625F0F6B800D0CCE1 /* DefiningAndCallingFunctions.swift in Sources */,
				0BAAB10825F0F6F600D0CCE1 /* FunctionParametersAndReturnValues.swift in Sources */,
			);
			runOnlyForDeploymentPostprocessing = 0;
		};
		0BBE1C55253872DF0022D4C7 /* Sources */ = {
			isa = PBXSourcesBuildPhase;
			buildActionMask = 2147483647;
			files = (
				0BBE1C72253969130022D4C7 /* TypeAliases.swift in Sources */,
				0BBE1C642538754E0022D4C7 /* ConstantsAndVariables.swift in Sources */,
				0BBE1C78253CCBDA0022D4C7 /* Optinals.swift in Sources */,
				0BBE1C6E253965AE0022D4C7 /* NumericLiterals.swift in Sources */,
				0BBE1C66253964DD0022D4C7 /* Comments.swift in Sources */,
				0BBE1C7425397C270022D4C7 /* Booleans.swift in Sources */,
				0BBE1C6C253965830022D4C7 /* TypeSafetyAndTypeInference.swift in Sources */,
				0BBE1C76253CCB970022D4C7 /* Tuples.swift in Sources */,
				0BBE1C6A253965080022D4C7 /* Integers.swift in Sources */,
				0BBE1C7A253CCCF20022D4C7 /* ErrorHandling.swift in Sources */,
				0BBE1C68253964F00022D4C7 /* Semicolons.swift in Sources */,
				0BBE1C7C253CCD8C0022D4C7 /* AssertionsAndPreconditions.swift in Sources */,
				0BBE1C70253965D60022D4C7 /* NumericTypeConversion.swift in Sources */,
			);
			runOnlyForDeploymentPostprocessing = 0;
		};
		0BBE1C7D253DD89D0022D4C7 /* Sources */ = {
			isa = PBXSourcesBuildPhase;
			buildActionMask = 2147483647;
			files = (
				0BBE1C8C253DD9ED0022D4C7 /* ArithmeticOperators.swift in Sources */,
				0BBE1C8A253DD9640022D4C7 /* AssignmentOperator.swift in Sources */,
				0BBE1C96253DDAEC0022D4C7 /* NilCoalecsingOperator.swift in Sources */,
				0BBE1C98253DDB090022D4C7 /* RangeOperators.swift in Sources */,
				0BBE1C90253DDA5C0022D4C7 /* CompoundAssignmentOperators.swift in Sources */,
				0BBE1C92253DDA830022D4C7 /* ComparisonOperators.swift in Sources */,
				0BBE1C94253DDAC80022D4C7 /* TernaryConditionalOperator.swift in Sources */,
				0BBE1C9A253DDB670022D4C7 /* LogicalOperators.swift in Sources */,
			);
			runOnlyForDeploymentPostprocessing = 0;
		};
		0BBE1C9B2544D8950022D4C7 /* Sources */ = {
			isa = PBXSourcesBuildPhase;
			buildActionMask = 2147483647;
			files = (
				0B64A9B32557302E00F80637 /* StringInterpolation.swift in Sources */,
				0BBE1CAE25462AFD0022D4C7 /* StringMutability.swift in Sources */,
				0BBE1CA8254629BE0022D4C7 /* StringLiterals.swift in Sources */,
				0B64A9BB255730DA00F80637 /* Substrings.swift in Sources */,
				0BBE1CB025462B340022D4C7 /* WorkingWithCharacters.swift in Sources */,
				0B64A9B72557306300F80637 /* CountingCharacters.swift in Sources */,
				0B64A9BD2557310D00F80637 /* ComparingStrings.swift in Sources */,
				0BBE1CAA25462A590022D4C7 /* InitailizingAnEmptyString.swift in Sources */,
				0B64A9B125572F7600F80637 /* ConcatenatingStringsAndCharacters.swift in Sources */,
				0B64A9B92557309600F80637 /* AccessingAndModifyingAString.swift in Sources */,
				0B64A9BF2557313800F80637 /* UnicodeRepresentationsOfStrings.swift in Sources */,
				0B64A9B52557304400F80637 /* Unicode.swift in Sources */,
			);
			runOnlyForDeploymentPostprocessing = 0;
		};
		0BF3DD792598FBF5001844DA /* Sources */ = {
			isa = PBXSourcesBuildPhase;
			buildActionMask = 2147483647;
			files = (
				0BF3DD88259B8750001844DA /* Sets.swift in Sources */,
				0BF3DD862598FC88001844DA /* Arrays.swift in Sources */,
				0BF3DD8A259B8776001844DA /* PerformingSetOperations.swift in Sources */,
				0BF3DD8E259B8800001844DA /* Dictionaries.swift in Sources */,
			);
			runOnlyForDeploymentPostprocessing = 0;
		};
/* End PBXSourcesBuildPhase section */

/* Begin XCBuildConfiguration section */
		0B1E1A602609EA670049D30A /* Debug */ = {
			isa = XCBuildConfiguration;
			buildSettings = {
				CODE_SIGN_STYLE = Automatic;
				DEVELOPMENT_TEAM = 478C4GE375;
				INFOPLIST_FILE = Sources/Closures/Info.plist;
				LD_RUNPATH_SEARCH_PATHS = (
					"$(inherited)",
					"@executable_path/Frameworks",
					"@loader_path/Frameworks",
				);
				PRODUCT_BUNDLE_IDENTIFIER = com.Resolution.Closures;
				PRODUCT_NAME = "$(TARGET_NAME)";
				SWIFT_VERSION = 5.0;
				TARGETED_DEVICE_FAMILY = "1,2";
			};
			name = Debug;
		};
		0B1E1A612609EA670049D30A /* Release */ = {
			isa = XCBuildConfiguration;
			buildSettings = {
				CODE_SIGN_STYLE = Automatic;
				DEVELOPMENT_TEAM = 478C4GE375;
				INFOPLIST_FILE = Sources/Closures/Info.plist;
				LD_RUNPATH_SEARCH_PATHS = (
					"$(inherited)",
					"@executable_path/Frameworks",
					"@loader_path/Frameworks",
				);
				PRODUCT_BUNDLE_IDENTIFIER = com.Resolution.Closures;
				PRODUCT_NAME = "$(TARGET_NAME)";
				SWIFT_VERSION = 5.0;
				TARGETED_DEVICE_FAMILY = "1,2";
			};
			name = Release;
		};
		0B1E1A7926134A730049D30A /* Debug */ = {
			isa = XCBuildConfiguration;
			buildSettings = {
				CODE_SIGN_STYLE = Automatic;
				DEVELOPMENT_TEAM = 478C4GE375;
				INFOPLIST_FILE = Sources/Enumeration/Info.plist;
				LD_RUNPATH_SEARCH_PATHS = (
					"$(inherited)",
					"@executable_path/Frameworks",
					"@loader_path/Frameworks",
				);
				PRODUCT_BUNDLE_IDENTIFIER = com.Resolution.Enumeration;
				PRODUCT_NAME = "$(TARGET_NAME)";
				SWIFT_VERSION = 5.0;
				TARGETED_DEVICE_FAMILY = "1,2";
			};
			name = Debug;
		};
		0B1E1A7A26134A730049D30A /* Release */ = {
			isa = XCBuildConfiguration;
			buildSettings = {
				CODE_SIGN_STYLE = Automatic;
				DEVELOPMENT_TEAM = 478C4GE375;
				INFOPLIST_FILE = Sources/Enumeration/Info.plist;
				LD_RUNPATH_SEARCH_PATHS = (
					"$(inherited)",
					"@executable_path/Frameworks",
					"@loader_path/Frameworks",
				);
				PRODUCT_BUNDLE_IDENTIFIER = com.Resolution.Enumeration;
				PRODUCT_NAME = "$(TARGET_NAME)";
				SWIFT_VERSION = 5.0;
				TARGETED_DEVICE_FAMILY = "1,2";
			};
			name = Release;
		};
		0B1E1A9126135AFB0049D30A /* Debug */ = {
			isa = XCBuildConfiguration;
			buildSettings = {
				CLANG_ENABLE_MODULES = YES;
				CODE_SIGN_STYLE = Automatic;
				DEVELOPMENT_TEAM = 478C4GE375;
				INFOPLIST_FILE = Sources/StructuresAndClasses/Info.plist;
				LD_RUNPATH_SEARCH_PATHS = (
					"$(inherited)",
					"@executable_path/Frameworks",
					"@loader_path/Frameworks",
				);
				PRODUCT_BUNDLE_IDENTIFIER = com.Resolution.StructuresAndClasses;
				PRODUCT_NAME = "$(TARGET_NAME)";
				SWIFT_OPTIMIZATION_LEVEL = "-Onone";
				SWIFT_VERSION = 5.0;
				TARGETED_DEVICE_FAMILY = "1,2";
			};
			name = Debug;
		};
		0B1E1A9226135AFB0049D30A /* Release */ = {
			isa = XCBuildConfiguration;
			buildSettings = {
				CLANG_ENABLE_MODULES = YES;
				CODE_SIGN_STYLE = Automatic;
				DEVELOPMENT_TEAM = 478C4GE375;
				INFOPLIST_FILE = Sources/StructuresAndClasses/Info.plist;
				LD_RUNPATH_SEARCH_PATHS = (
					"$(inherited)",
					"@executable_path/Frameworks",
					"@loader_path/Frameworks",
				);
				PRODUCT_BUNDLE_IDENTIFIER = com.Resolution.StructuresAndClasses;
				PRODUCT_NAME = "$(TARGET_NAME)";
				SWIFT_VERSION = 5.0;
				TARGETED_DEVICE_FAMILY = "1,2";
			};
			name = Release;
		};
		0B1E1AA326147D7C0049D30A /* Debug */ = {
			isa = XCBuildConfiguration;
			buildSettings = {
				CLANG_ENABLE_MODULES = YES;
				CODE_SIGN_STYLE = Automatic;
				DEVELOPMENT_TEAM = 478C4GE375;
				INFOPLIST_FILE = Sources/Properties/Info.plist;
				LD_RUNPATH_SEARCH_PATHS = (
					"$(inherited)",
					"@executable_path/Frameworks",
					"@loader_path/Frameworks",
				);
				PRODUCT_BUNDLE_IDENTIFIER = com.Resolution.Properties;
				PRODUCT_NAME = "$(TARGET_NAME)";
				SWIFT_OPTIMIZATION_LEVEL = "-Onone";
				SWIFT_VERSION = 5.0;
				TARGETED_DEVICE_FAMILY = "1,2";
			};
			name = Debug;
		};
		0B1E1AA426147D7C0049D30A /* Release */ = {
			isa = XCBuildConfiguration;
			buildSettings = {
				CLANG_ENABLE_MODULES = YES;
				CODE_SIGN_STYLE = Automatic;
				DEVELOPMENT_TEAM = 478C4GE375;
				INFOPLIST_FILE = Sources/Properties/Info.plist;
				LD_RUNPATH_SEARCH_PATHS = (
					"$(inherited)",
					"@executable_path/Frameworks",
					"@loader_path/Frameworks",
				);
				PRODUCT_BUNDLE_IDENTIFIER = com.Resolution.Properties;
				PRODUCT_NAME = "$(TARGET_NAME)";
				SWIFT_VERSION = 5.0;
				TARGETED_DEVICE_FAMILY = "1,2";
			};
			name = Release;
		};
		0B1E1AB726171E960049D30A /* Debug */ = {
			isa = XCBuildConfiguration;
			buildSettings = {
				CODE_SIGN_STYLE = Automatic;
				DEVELOPMENT_TEAM = 478C4GE375;
				INFOPLIST_FILE = Sources/Methods/Info.plist;
				LD_RUNPATH_SEARCH_PATHS = (
					"$(inherited)",
					"@executable_path/Frameworks",
					"@loader_path/Frameworks",
				);
				PRODUCT_BUNDLE_IDENTIFIER = com.Resolution.Methods;
				PRODUCT_NAME = "$(TARGET_NAME)";
				SWIFT_VERSION = 5.0;
				TARGETED_DEVICE_FAMILY = "1,2";
			};
			name = Debug;
		};
		0B1E1AB826171E960049D30A /* Release */ = {
			isa = XCBuildConfiguration;
			buildSettings = {
				CODE_SIGN_STYLE = Automatic;
				DEVELOPMENT_TEAM = 478C4GE375;
				INFOPLIST_FILE = Sources/Methods/Info.plist;
				LD_RUNPATH_SEARCH_PATHS = (
					"$(inherited)",
					"@executable_path/Frameworks",
					"@loader_path/Frameworks",
				);
				PRODUCT_BUNDLE_IDENTIFIER = com.Resolution.Methods;
				PRODUCT_NAME = "$(TARGET_NAME)";
				SWIFT_VERSION = 5.0;
				TARGETED_DEVICE_FAMILY = "1,2";
			};
			name = Release;
		};
		0BAAB0EA25EFF04500D0CCE1 /* Debug */ = {
			isa = XCBuildConfiguration;
			buildSettings = {
				CODE_SIGN_STYLE = Automatic;
				DEVELOPMENT_TEAM = 478C4GE375;
				INFOPLIST_FILE = Sources/ControlFlow/Info.plist;
				LD_RUNPATH_SEARCH_PATHS = (
					"$(inherited)",
					"@executable_path/Frameworks",
					"@loader_path/Frameworks",
				);
				PRODUCT_BUNDLE_IDENTIFIER = com.Resolution.ControlFlow;
				PRODUCT_NAME = "$(TARGET_NAME)";
				SWIFT_VERSION = 5.0;
				TARGETED_DEVICE_FAMILY = "1,2";
			};
			name = Debug;
		};
		0BAAB0EB25EFF04500D0CCE1 /* Release */ = {
			isa = XCBuildConfiguration;
			buildSettings = {
				CODE_SIGN_STYLE = Automatic;
				DEVELOPMENT_TEAM = 478C4GE375;
				INFOPLIST_FILE = Sources/ControlFlow/Info.plist;
				LD_RUNPATH_SEARCH_PATHS = (
					"$(inherited)",
					"@executable_path/Frameworks",
					"@loader_path/Frameworks",
				);
				PRODUCT_BUNDLE_IDENTIFIER = com.Resolution.ControlFlow;
				PRODUCT_NAME = "$(TARGET_NAME)";
				SWIFT_VERSION = 5.0;
				TARGETED_DEVICE_FAMILY = "1,2";
			};
			name = Release;
		};
		0BAAB10325F0F52400D0CCE1 /* Debug */ = {
			isa = XCBuildConfiguration;
			buildSettings = {
				CLANG_ENABLE_MODULES = YES;
				CODE_SIGN_STYLE = Automatic;
				DEVELOPMENT_TEAM = 478C4GE375;
				INFOPLIST_FILE = Sources/Functions/Info.plist;
				LD_RUNPATH_SEARCH_PATHS = (
					"$(inherited)",
					"@executable_path/Frameworks",
					"@loader_path/Frameworks",
				);
				PRODUCT_BUNDLE_IDENTIFIER = com.Resolution.Functions;
				PRODUCT_NAME = "$(TARGET_NAME)";
				SWIFT_OPTIMIZATION_LEVEL = "-Onone";
				SWIFT_VERSION = 5.0;
				TARGETED_DEVICE_FAMILY = "1,2";
			};
			name = Debug;
		};
		0BAAB10425F0F52400D0CCE1 /* Release */ = {
			isa = XCBuildConfiguration;
			buildSettings = {
				CLANG_ENABLE_MODULES = YES;
				CODE_SIGN_STYLE = Automatic;
				DEVELOPMENT_TEAM = 478C4GE375;
				INFOPLIST_FILE = Sources/Functions/Info.plist;
				LD_RUNPATH_SEARCH_PATHS = (
					"$(inherited)",
					"@executable_path/Frameworks",
					"@loader_path/Frameworks",
				);
				PRODUCT_BUNDLE_IDENTIFIER = com.Resolution.Functions;
				PRODUCT_NAME = "$(TARGET_NAME)";
				SWIFT_VERSION = 5.0;
				TARGETED_DEVICE_FAMILY = "1,2";
			};
			name = Release;
		};
		0BBE1BDE252E6D810022D4C7 /* Debug */ = {
			isa = XCBuildConfiguration;
			buildSettings = {
				ALWAYS_SEARCH_USER_PATHS = NO;
				CLANG_ANALYZER_NONNULL = YES;
				CLANG_ANALYZER_NUMBER_OBJECT_CONVERSION = YES_AGGRESSIVE;
				CLANG_CXX_LANGUAGE_STANDARD = "gnu++14";
				CLANG_CXX_LIBRARY = "libc++";
				CLANG_ENABLE_MODULES = YES;
				CLANG_ENABLE_OBJC_ARC = YES;
				CLANG_ENABLE_OBJC_WEAK = YES;
				CLANG_WARN_BLOCK_CAPTURE_AUTORELEASING = YES;
				CLANG_WARN_BOOL_CONVERSION = YES;
				CLANG_WARN_COMMA = YES;
				CLANG_WARN_CONSTANT_CONVERSION = YES;
				CLANG_WARN_DEPRECATED_OBJC_IMPLEMENTATIONS = YES;
				CLANG_WARN_DIRECT_OBJC_ISA_USAGE = YES_ERROR;
				CLANG_WARN_DOCUMENTATION_COMMENTS = YES;
				CLANG_WARN_EMPTY_BODY = YES;
				CLANG_WARN_ENUM_CONVERSION = YES;
				CLANG_WARN_INFINITE_RECURSION = YES;
				CLANG_WARN_INT_CONVERSION = YES;
				CLANG_WARN_NON_LITERAL_NULL_CONVERSION = YES;
				CLANG_WARN_OBJC_IMPLICIT_RETAIN_SELF = YES;
				CLANG_WARN_OBJC_LITERAL_CONVERSION = YES;
				CLANG_WARN_OBJC_ROOT_CLASS = YES_ERROR;
				CLANG_WARN_RANGE_LOOP_ANALYSIS = YES;
				CLANG_WARN_STRICT_PROTOTYPES = YES;
				CLANG_WARN_SUSPICIOUS_MOVE = YES;
				CLANG_WARN_UNGUARDED_AVAILABILITY = YES_AGGRESSIVE;
				CLANG_WARN_UNREACHABLE_CODE = YES;
				CLANG_WARN__DUPLICATE_METHOD_MATCH = YES;
				COPY_PHASE_STRIP = NO;
				CURRENT_PROJECT_VERSION = 1;
				DEBUG_INFORMATION_FORMAT = dwarf;
				ENABLE_STRICT_OBJC_MSGSEND = YES;
				ENABLE_TESTABILITY = YES;
				GCC_C_LANGUAGE_STANDARD = gnu11;
				GCC_DYNAMIC_NO_PIC = NO;
				GCC_NO_COMMON_BLOCKS = YES;
				GCC_OPTIMIZATION_LEVEL = 0;
				GCC_PREPROCESSOR_DEFINITIONS = (
					"DEBUG=1",
					"$(inherited)",
				);
				GCC_WARN_64_TO_32_BIT_CONVERSION = YES;
				GCC_WARN_ABOUT_RETURN_TYPE = YES_ERROR;
				GCC_WARN_UNDECLARED_SELECTOR = YES;
				GCC_WARN_UNINITIALIZED_AUTOS = YES_AGGRESSIVE;
				GCC_WARN_UNUSED_FUNCTION = YES;
				GCC_WARN_UNUSED_VARIABLE = YES;
				IPHONEOS_DEPLOYMENT_TARGET = 13.7;
				MTL_ENABLE_DEBUG_INFO = INCLUDE_SOURCE;
				MTL_FAST_MATH = YES;
				ONLY_ACTIVE_ARCH = YES;
				SDKROOT = iphoneos;
				SWIFT_ACTIVE_COMPILATION_CONDITIONS = DEBUG;
				SWIFT_OPTIMIZATION_LEVEL = "-Onone";
				VERSIONING_SYSTEM = "apple-generic";
				VERSION_INFO_PREFIX = "";
			};
			name = Debug;
		};
		0BBE1BDF252E6D810022D4C7 /* Release */ = {
			isa = XCBuildConfiguration;
			buildSettings = {
				ALWAYS_SEARCH_USER_PATHS = NO;
				CLANG_ANALYZER_NONNULL = YES;
				CLANG_ANALYZER_NUMBER_OBJECT_CONVERSION = YES_AGGRESSIVE;
				CLANG_CXX_LANGUAGE_STANDARD = "gnu++14";
				CLANG_CXX_LIBRARY = "libc++";
				CLANG_ENABLE_MODULES = YES;
				CLANG_ENABLE_OBJC_ARC = YES;
				CLANG_ENABLE_OBJC_WEAK = YES;
				CLANG_WARN_BLOCK_CAPTURE_AUTORELEASING = YES;
				CLANG_WARN_BOOL_CONVERSION = YES;
				CLANG_WARN_COMMA = YES;
				CLANG_WARN_CONSTANT_CONVERSION = YES;
				CLANG_WARN_DEPRECATED_OBJC_IMPLEMENTATIONS = YES;
				CLANG_WARN_DIRECT_OBJC_ISA_USAGE = YES_ERROR;
				CLANG_WARN_DOCUMENTATION_COMMENTS = YES;
				CLANG_WARN_EMPTY_BODY = YES;
				CLANG_WARN_ENUM_CONVERSION = YES;
				CLANG_WARN_INFINITE_RECURSION = YES;
				CLANG_WARN_INT_CONVERSION = YES;
				CLANG_WARN_NON_LITERAL_NULL_CONVERSION = YES;
				CLANG_WARN_OBJC_IMPLICIT_RETAIN_SELF = YES;
				CLANG_WARN_OBJC_LITERAL_CONVERSION = YES;
				CLANG_WARN_OBJC_ROOT_CLASS = YES_ERROR;
				CLANG_WARN_RANGE_LOOP_ANALYSIS = YES;
				CLANG_WARN_STRICT_PROTOTYPES = YES;
				CLANG_WARN_SUSPICIOUS_MOVE = YES;
				CLANG_WARN_UNGUARDED_AVAILABILITY = YES_AGGRESSIVE;
				CLANG_WARN_UNREACHABLE_CODE = YES;
				CLANG_WARN__DUPLICATE_METHOD_MATCH = YES;
				COPY_PHASE_STRIP = NO;
				CURRENT_PROJECT_VERSION = 1;
				DEBUG_INFORMATION_FORMAT = "dwarf-with-dsym";
				ENABLE_NS_ASSERTIONS = NO;
				ENABLE_STRICT_OBJC_MSGSEND = YES;
				GCC_C_LANGUAGE_STANDARD = gnu11;
				GCC_NO_COMMON_BLOCKS = YES;
				GCC_WARN_64_TO_32_BIT_CONVERSION = YES;
				GCC_WARN_ABOUT_RETURN_TYPE = YES_ERROR;
				GCC_WARN_UNDECLARED_SELECTOR = YES;
				GCC_WARN_UNINITIALIZED_AUTOS = YES_AGGRESSIVE;
				GCC_WARN_UNUSED_FUNCTION = YES;
				GCC_WARN_UNUSED_VARIABLE = YES;
				IPHONEOS_DEPLOYMENT_TARGET = 13.7;
				MTL_ENABLE_DEBUG_INFO = NO;
				MTL_FAST_MATH = YES;
				SDKROOT = iphoneos;
				SWIFT_COMPILATION_MODE = wholemodule;
				SWIFT_OPTIMIZATION_LEVEL = "-O";
				VALIDATE_PRODUCT = YES;
				VERSIONING_SYSTEM = "apple-generic";
				VERSION_INFO_PREFIX = "";
			};
			name = Release;
		};
		0BBE1C5F253872DF0022D4C7 /* Debug */ = {
			isa = XCBuildConfiguration;
			buildSettings = {
				CLANG_ENABLE_MODULES = YES;
				CODE_SIGN_STYLE = Automatic;
				DEVELOPMENT_TEAM = 478C4GE375;
				INFOPLIST_FILE = Sources/Basics/Info.plist;
				LD_RUNPATH_SEARCH_PATHS = (
					"$(inherited)",
					"@executable_path/Frameworks",
					"@loader_path/Frameworks",
				);
				PRODUCT_BUNDLE_IDENTIFIER = com.Resolution.Basics;
				PRODUCT_NAME = "$(TARGET_NAME)";
				SWIFT_OPTIMIZATION_LEVEL = "-Onone";
				SWIFT_VERSION = 5.0;
				TARGETED_DEVICE_FAMILY = "1,2";
			};
			name = Debug;
		};
		0BBE1C60253872DF0022D4C7 /* Release */ = {
			isa = XCBuildConfiguration;
			buildSettings = {
				CLANG_ENABLE_MODULES = YES;
				CODE_SIGN_STYLE = Automatic;
				DEVELOPMENT_TEAM = 478C4GE375;
				INFOPLIST_FILE = Sources/Basics/Info.plist;
				LD_RUNPATH_SEARCH_PATHS = (
					"$(inherited)",
					"@executable_path/Frameworks",
					"@loader_path/Frameworks",
				);
				PRODUCT_BUNDLE_IDENTIFIER = com.Resolution.Basics;
				PRODUCT_NAME = "$(TARGET_NAME)";
				SWIFT_VERSION = 5.0;
				TARGETED_DEVICE_FAMILY = "1,2";
			};
			name = Release;
		};
		0BBE1C86253DD89D0022D4C7 /* Debug */ = {
			isa = XCBuildConfiguration;
			buildSettings = {
				CODE_SIGN_STYLE = Automatic;
				DEVELOPMENT_TEAM = 478C4GE375;
				INFOPLIST_FILE = Sources/BasicOperators/Info.plist;
				LD_RUNPATH_SEARCH_PATHS = (
					"$(inherited)",
					"@executable_path/Frameworks",
					"@loader_path/Frameworks",
				);
				PRODUCT_BUNDLE_IDENTIFIER = com.Resolution.BasicOperators;
				PRODUCT_NAME = "$(TARGET_NAME)";
				SWIFT_VERSION = 5.0;
				TARGETED_DEVICE_FAMILY = "1,2";
			};
			name = Debug;
		};
		0BBE1C87253DD89D0022D4C7 /* Release */ = {
			isa = XCBuildConfiguration;
			buildSettings = {
				CODE_SIGN_STYLE = Automatic;
				DEVELOPMENT_TEAM = 478C4GE375;
				INFOPLIST_FILE = Sources/BasicOperators/Info.plist;
				LD_RUNPATH_SEARCH_PATHS = (
					"$(inherited)",
					"@executable_path/Frameworks",
					"@loader_path/Frameworks",
				);
				PRODUCT_BUNDLE_IDENTIFIER = com.Resolution.BasicOperators;
				PRODUCT_NAME = "$(TARGET_NAME)";
				SWIFT_VERSION = 5.0;
				TARGETED_DEVICE_FAMILY = "1,2";
			};
			name = Release;
		};
		0BBE1CA42544D8950022D4C7 /* Debug */ = {
			isa = XCBuildConfiguration;
			buildSettings = {
				CODE_SIGN_STYLE = Automatic;
				DEVELOPMENT_TEAM = 478C4GE375;
				INFOPLIST_FILE = Sources/StringsAndCharacters/Info.plist;
				LD_RUNPATH_SEARCH_PATHS = (
					"$(inherited)",
					"@executable_path/Frameworks",
					"@loader_path/Frameworks",
				);
				PRODUCT_BUNDLE_IDENTIFIER = com.Resolution.StringsAndCharacters;
				PRODUCT_NAME = "$(TARGET_NAME)";
				SWIFT_VERSION = 5.0;
				TARGETED_DEVICE_FAMILY = "1,2";
			};
			name = Debug;
		};
		0BBE1CA52544D8950022D4C7 /* Release */ = {
			isa = XCBuildConfiguration;
			buildSettings = {
				CODE_SIGN_STYLE = Automatic;
				DEVELOPMENT_TEAM = 478C4GE375;
				INFOPLIST_FILE = Sources/StringsAndCharacters/Info.plist;
				LD_RUNPATH_SEARCH_PATHS = (
					"$(inherited)",
					"@executable_path/Frameworks",
					"@loader_path/Frameworks",
				);
				PRODUCT_BUNDLE_IDENTIFIER = com.Resolution.StringsAndCharacters;
				PRODUCT_NAME = "$(TARGET_NAME)";
				SWIFT_VERSION = 5.0;
				TARGETED_DEVICE_FAMILY = "1,2";
			};
			name = Release;
		};
		0BF3DD832598FBF5001844DA /* Debug */ = {
			isa = XCBuildConfiguration;
			buildSettings = {
				CLANG_ENABLE_MODULES = YES;
				CODE_SIGN_STYLE = Automatic;
				DEVELOPMENT_TEAM = 478C4GE375;
				INFOPLIST_FILE = Sources/CollectionTypes/Info.plist;
				LD_RUNPATH_SEARCH_PATHS = (
					"$(inherited)",
					"@executable_path/Frameworks",
					"@loader_path/Frameworks",
				);
				PRODUCT_BUNDLE_IDENTIFIER = com.Resolution.CollectionTypes;
				PRODUCT_NAME = "$(TARGET_NAME)";
				SWIFT_OPTIMIZATION_LEVEL = "-Onone";
				SWIFT_VERSION = 5.0;
				TARGETED_DEVICE_FAMILY = "1,2";
			};
			name = Debug;
		};
		0BF3DD842598FBF5001844DA /* Release */ = {
			isa = XCBuildConfiguration;
			buildSettings = {
				CLANG_ENABLE_MODULES = YES;
				CODE_SIGN_STYLE = Automatic;
				DEVELOPMENT_TEAM = 478C4GE375;
				INFOPLIST_FILE = Sources/CollectionTypes/Info.plist;
				LD_RUNPATH_SEARCH_PATHS = (
					"$(inherited)",
					"@executable_path/Frameworks",
					"@loader_path/Frameworks",
				);
				PRODUCT_BUNDLE_IDENTIFIER = com.Resolution.CollectionTypes;
				PRODUCT_NAME = "$(TARGET_NAME)";
				SWIFT_VERSION = 5.0;
				TARGETED_DEVICE_FAMILY = "1,2";
			};
			name = Release;
		};
/* End XCBuildConfiguration section */

/* Begin XCConfigurationList section */
		0B1E1A622609EA670049D30A /* Build configuration list for PBXNativeTarget "Closures" */ = {
			isa = XCConfigurationList;
			buildConfigurations = (
				0B1E1A602609EA670049D30A /* Debug */,
				0B1E1A612609EA670049D30A /* Release */,
			);
			defaultConfigurationIsVisible = 0;
			defaultConfigurationName = Release;
		};
		0B1E1A7826134A730049D30A /* Build configuration list for PBXNativeTarget "Enumeration" */ = {
			isa = XCConfigurationList;
			buildConfigurations = (
				0B1E1A7926134A730049D30A /* Debug */,
				0B1E1A7A26134A730049D30A /* Release */,
			);
			defaultConfigurationIsVisible = 0;
			defaultConfigurationName = Release;
		};
		0B1E1A9026135AFB0049D30A /* Build configuration list for PBXNativeTarget "StructuresAndClasses" */ = {
			isa = XCConfigurationList;
			buildConfigurations = (
				0B1E1A9126135AFB0049D30A /* Debug */,
				0B1E1A9226135AFB0049D30A /* Release */,
			);
			defaultConfigurationIsVisible = 0;
			defaultConfigurationName = Release;
		};
		0B1E1AA226147D7C0049D30A /* Build configuration list for PBXNativeTarget "Properties" */ = {
			isa = XCConfigurationList;
			buildConfigurations = (
				0B1E1AA326147D7C0049D30A /* Debug */,
				0B1E1AA426147D7C0049D30A /* Release */,
			);
			defaultConfigurationIsVisible = 0;
			defaultConfigurationName = Release;
		};
		0B1E1AB626171E960049D30A /* Build configuration list for PBXNativeTarget "Methods" */ = {
			isa = XCConfigurationList;
			buildConfigurations = (
				0B1E1AB726171E960049D30A /* Debug */,
				0B1E1AB826171E960049D30A /* Release */,
			);
			defaultConfigurationIsVisible = 0;
			defaultConfigurationName = Release;
		};
		0BAAB0EC25EFF04500D0CCE1 /* Build configuration list for PBXNativeTarget "ControlFlow" */ = {
			isa = XCConfigurationList;
			buildConfigurations = (
				0BAAB0EA25EFF04500D0CCE1 /* Debug */,
				0BAAB0EB25EFF04500D0CCE1 /* Release */,
			);
			defaultConfigurationIsVisible = 0;
			defaultConfigurationName = Release;
		};
		0BAAB10225F0F52400D0CCE1 /* Build configuration list for PBXNativeTarget "Functions" */ = {
			isa = XCConfigurationList;
			buildConfigurations = (
				0BAAB10325F0F52400D0CCE1 /* Debug */,
				0BAAB10425F0F52400D0CCE1 /* Release */,
			);
			defaultConfigurationIsVisible = 0;
			defaultConfigurationName = Release;
		};
		0BBE1BC6252E6D810022D4C7 /* Build configuration list for PBXProject "SwiftDocumentation" */ = {
			isa = XCConfigurationList;
			buildConfigurations = (
				0BBE1BDE252E6D810022D4C7 /* Debug */,
				0BBE1BDF252E6D810022D4C7 /* Release */,
			);
			defaultConfigurationIsVisible = 0;
			defaultConfigurationName = Release;
		};
		0BBE1C5E253872DF0022D4C7 /* Build configuration list for PBXNativeTarget "Basics" */ = {
			isa = XCConfigurationList;
			buildConfigurations = (
				0BBE1C5F253872DF0022D4C7 /* Debug */,
				0BBE1C60253872DF0022D4C7 /* Release */,
			);
			defaultConfigurationIsVisible = 0;
			defaultConfigurationName = Release;
		};
		0BBE1C88253DD89D0022D4C7 /* Build configuration list for PBXNativeTarget "BasicOperators" */ = {
			isa = XCConfigurationList;
			buildConfigurations = (
				0BBE1C86253DD89D0022D4C7 /* Debug */,
				0BBE1C87253DD89D0022D4C7 /* Release */,
			);
			defaultConfigurationIsVisible = 0;
			defaultConfigurationName = Release;
		};
		0BBE1CA62544D8950022D4C7 /* Build configuration list for PBXNativeTarget "StringsAndCharacters" */ = {
			isa = XCConfigurationList;
			buildConfigurations = (
				0BBE1CA42544D8950022D4C7 /* Debug */,
				0BBE1CA52544D8950022D4C7 /* Release */,
			);
			defaultConfigurationIsVisible = 0;
			defaultConfigurationName = Release;
		};
		0BF3DD822598FBF5001844DA /* Build configuration list for PBXNativeTarget "CollectionTypes" */ = {
			isa = XCConfigurationList;
			buildConfigurations = (
				0BF3DD832598FBF5001844DA /* Debug */,
				0BF3DD842598FBF5001844DA /* Release */,
			);
			defaultConfigurationIsVisible = 0;
			defaultConfigurationName = Release;
		};
/* End XCConfigurationList section */
	};
	rootObject = 0BBE1BC3252E6D810022D4C7 /* Project object */;
}
